{
  "originHash" : "da0be9d43e8f94519995cd023fef531e60ffd66b4a892fe28c3b5ded54179060",
  "pins" : [
    {
      "identity" : "swift-tagged",
      "kind" : "remoteSourceControl",
      "location" : "https://github.com/pointfreeco/swift-tagged",
      "state" : {
        "revision" : "3907a9438f5b57d317001dc99f3f11b46882272b",
        "version" : "0.10.0"
      }
    }
  ],
  "version" : 3
}
