{
  "originHash" : "49ddc63f96fb3455255ffc128edcb69debd7554c45930a558f0344edfb785699",
  "pins" : [
    {
      "identity" : "nuke",
      "kind" : "remoteSourceControl",
      "location" : "https://github.com/kean/Nuke.git",
      "state" : {
        "revision" : "4625c73ea00a9fb4b4f3e28d95d0021a44af7e59",
        "version" : "12.5.0"
      }
    }
  ],
  "version" : 3
}
