{
  "originHash" : "bc9297973fa98b271e18df4124e7f8910e46bcae5b67578a498b9dc90f701c47",
  "pins" : [
    {
      "identity" : "nuke",
      "kind" : "remoteSourceControl",
      "location" : "https://github.com/kean/Nuke.git",
      "state" : {
        "revision" : "8e431251dea0081b6ab154dab61a6ec74e4b6577",
        "version" : "12.6.0"
      }
    }
  ],
  "version" : 3
}
