// !$*UTF8*$!
{
	archiveVersion = 1;
	classes = {
	};
	objectVersion = 56;
	objects = {

/* Begin PBXBuildFile section */
		5C08B6E028ED7956009218D7 /* Supabase in Frameworks */ = {isa = PBXBuildFile; productRef = 5C08B6DF28ED7956009218D7 /* Supabase */; };
		5C08B6E228ED7B05009218D7 /* Company.swift in Sources */ = {isa = PBXBuildFile; fileRef = 5C08B6E128ED7B05009218D7 /* Company.swift */; };
		5C11ECAF28EECC8500CCDE6A /* AuthView.swift in Sources */ = {isa = PBXBuildFile; fileRef = 5C11ECAE28EECC8500CCDE6A /* AuthView.swift */; };
		5C11ECB128EECCAB00CCDE6A /* Environment+Session.swift in Sources */ = {isa = PBXBuildFile; fileRef = 5C11ECB028EECCAB00CCDE6A /* Environment+Session.swift */; };
		5C11ECB328EEEDEF00CCDE6A /* FriendsView.swift in Sources */ = {isa = PBXBuildFile; fileRef = 5C11ECB228EEEDEF00CCDE6A /* FriendsView.swift */; };
		5C11ECB628EEEFB300CCDE6A /* SettingsView.swift in Sources */ = {isa = PBXBuildFile; fileRef = 5C11ECB528EEEFB300CCDE6A /* SettingsView.swift */; };
		5C11ECB928EEF16000CCDE6A /* ProfileView.swift in Sources */ = {isa = PBXBuildFile; fileRef = 5C11ECB828EEF16000CCDE6A /* ProfileView.swift */; };
		5C11ECBB28EEF24700CCDE6A /* ActivityView.swift in Sources */ = {isa = PBXBuildFile; fileRef = 5C11ECBA28EEF24700CCDE6A /* ActivityView.swift */; };
		5C11ECBD28EEF30600CCDE6A /* SearchView.swift in Sources */ = {isa = PBXBuildFile; fileRef = 5C11ECBC28EEF30600CCDE6A /* SearchView.swift */; };
		5C11ECC028EF434700CCDE6A /* Profile.swift in Sources */ = {isa = PBXBuildFile; fileRef = 5C11ECBF28EF434700CCDE6A /* Profile.swift */; };
		5C25349628EDA58700A78780 /* API.swift in Sources */ = {isa = PBXBuildFile; fileRef = 5C25349528EDA58700A78780 /* API.swift */; };
		5C25349A28EDA68400A78780 /* CompanyView.swift in Sources */ = {isa = PBXBuildFile; fileRef = 5C25349928EDA68400A78780 /* CompanyView.swift */; };
		5CCE914E28F45DE7005A6043 /* Utils.swift in Sources */ = {isa = PBXBuildFile; fileRef = 5CCE914D28F45DE7005A6043 /* Utils.swift */; };
		5CD10A3928F6A1CA0001CFC2 /* MiniAvatarView.swift in Sources */ = {isa = PBXBuildFile; fileRef = 5CD10A3828F6A1CA0001CFC2 /* MiniAvatarView.swift */; };
		5CD10A3B28F6A1FE0001CFC2 /* CheckInCardView.swift in Sources */ = {isa = PBXBuildFile; fileRef = 5CD10A3A28F6A1FE0001CFC2 /* CheckInCardView.swift */; };
		5CD10A3D28F75B7A0001CFC2 /* ProductPageView.swift in Sources */ = {isa = PBXBuildFile; fileRef = 5CD10A3C28F75B7A0001CFC2 /* ProductPageView.swift */; };
		5CD10A3F28F760520001CFC2 /* CheckInPage.swift in Sources */ = {isa = PBXBuildFile; fileRef = 5CD10A3E28F760520001CFC2 /* CheckInPage.swift */; };
		5CFB562F28F596A200F13A1E /* ChipView.swift in Sources */ = {isa = PBXBuildFile; fileRef = 5CFB562E28F596A200F13A1E /* ChipView.swift */; };
		5CFB563128F5974100F13A1E /* Supabase.swift in Sources */ = {isa = PBXBuildFile; fileRef = 5CFB563028F5974100F13A1E /* Supabase.swift */; };
		5CFB563328F597ED00F13A1E /* RatingView.swift in Sources */ = {isa = PBXBuildFile; fileRef = 5CFB563228F597ED00F13A1E /* RatingView.swift */; };
		5CFB563628F5A76600F13A1E /* CachedAsyncImage in Frameworks */ = {isa = PBXBuildFile; productRef = 5CFB563528F5A76600F13A1E /* CachedAsyncImage */; };
		5CFEE57728ED69B100A8DD66 /* tastedApp.swift in Sources */ = {isa = PBXBuildFile; fileRef = 5CFEE57628ED69B100A8DD66 /* tastedApp.swift */; };
		5CFEE57928ED69B100A8DD66 /* ContentView.swift in Sources */ = {isa = PBXBuildFile; fileRef = 5CFEE57828ED69B100A8DD66 /* ContentView.swift */; };
		5CFEE57B28ED69B200A8DD66 /* Assets.xcassets in Resources */ = {isa = PBXBuildFile; fileRef = 5CFEE57A28ED69B200A8DD66 /* Assets.xcassets */; };
		5CFEE57E28ED69B200A8DD66 /* Preview Assets.xcassets in Resources */ = {isa = PBXBuildFile; fileRef = 5CFEE57D28ED69B200A8DD66 /* Preview Assets.xcassets */; };
/* End PBXBuildFile section */

/* Begin PBXFileReference section */
		5C08B6E128ED7B05009218D7 /* Company.swift */ = {isa = PBXFileReference; lastKnownFileType = sourcecode.swift; path = Company.swift; sourceTree = "<group>"; };
		5C11ECAE28EECC8500CCDE6A /* AuthView.swift */ = {isa = PBXFileReference; lastKnownFileType = sourcecode.swift; path = AuthView.swift; sourceTree = "<group>"; };
		5C11ECB028EECCAB00CCDE6A /* Environment+Session.swift */ = {isa = PBXFileReference; lastKnownFileType = sourcecode.swift; path = "Environment+Session.swift"; sourceTree = "<group>"; };
		5C11ECB228EEEDEF00CCDE6A /* FriendsView.swift */ = {isa = PBXFileReference; lastKnownFileType = sourcecode.swift; path = FriendsView.swift; sourceTree = "<group>"; };
		5C11ECB528EEEFB300CCDE6A /* SettingsView.swift */ = {isa = PBXFileReference; lastKnownFileType = sourcecode.swift; path = SettingsView.swift; sourceTree = "<group>"; };
		5C11ECB828EEF16000CCDE6A /* ProfileView.swift */ = {isa = PBXFileReference; lastKnownFileType = sourcecode.swift; path = ProfileView.swift; sourceTree = "<group>"; };
		5C11ECBA28EEF24700CCDE6A /* ActivityView.swift */ = {isa = PBXFileReference; lastKnownFileType = sourcecode.swift; path = ActivityView.swift; sourceTree = "<group>"; };
		5C11ECBC28EEF30600CCDE6A /* SearchView.swift */ = {isa = PBXFileReference; lastKnownFileType = sourcecode.swift; path = SearchView.swift; sourceTree = "<group>"; };
		5C11ECBF28EF434700CCDE6A /* Profile.swift */ = {isa = PBXFileReference; lastKnownFileType = sourcecode.swift; path = Profile.swift; sourceTree = "<group>"; };
		5C11ECC128EF768A00CCDE6A /* .xcconfig.xcconfig */ = {isa = PBXFileReference; lastKnownFileType = text.xcconfig; path = .xcconfig.xcconfig; sourceTree = "<group>"; };
		5C25349528EDA58700A78780 /* API.swift */ = {isa = PBXFileReference; lastKnownFileType = sourcecode.swift; path = API.swift; sourceTree = "<group>"; };
		5C25349928EDA68400A78780 /* CompanyView.swift */ = {isa = PBXFileReference; lastKnownFileType = sourcecode.swift; path = CompanyView.swift; sourceTree = "<group>"; };
		5CCE914D28F45DE7005A6043 /* Utils.swift */ = {isa = PBXFileReference; lastKnownFileType = sourcecode.swift; path = Utils.swift; sourceTree = "<group>"; };
		5CD10A3828F6A1CA0001CFC2 /* MiniAvatarView.swift */ = {isa = PBXFileReference; lastKnownFileType = sourcecode.swift; path = MiniAvatarView.swift; sourceTree = "<group>"; };
		5CD10A3A28F6A1FE0001CFC2 /* CheckInCardView.swift */ = {isa = PBXFileReference; lastKnownFileType = sourcecode.swift; path = CheckInCardView.swift; sourceTree = "<group>"; };
		5CD10A3C28F75B7A0001CFC2 /* ProductPageView.swift */ = {isa = PBXFileReference; lastKnownFileType = sourcecode.swift; path = ProductPageView.swift; sourceTree = "<group>"; };
		5CD10A3E28F760520001CFC2 /* CheckInPage.swift */ = {isa = PBXFileReference; lastKnownFileType = sourcecode.swift; path = CheckInPage.swift; sourceTree = "<group>"; };
		5CFB562E28F596A200F13A1E /* ChipView.swift */ = {isa = PBXFileReference; lastKnownFileType = sourcecode.swift; path = ChipView.swift; sourceTree = "<group>"; };
		5CFB563028F5974100F13A1E /* Supabase.swift */ = {isa = PBXFileReference; lastKnownFileType = sourcecode.swift; path = Supabase.swift; sourceTree = "<group>"; };
		5CFB563228F597ED00F13A1E /* RatingView.swift */ = {isa = PBXFileReference; lastKnownFileType = sourcecode.swift; path = RatingView.swift; sourceTree = "<group>"; };
		5CFEE57328ED69B100A8DD66 /* tasted.app */ = {isa = PBXFileReference; explicitFileType = wrapper.application; includeInIndex = 0; path = tasted.app; sourceTree = BUILT_PRODUCTS_DIR; };
		5CFEE57628ED69B100A8DD66 /* tastedApp.swift */ = {isa = PBXFileReference; lastKnownFileType = sourcecode.swift; path = tastedApp.swift; sourceTree = "<group>"; };
		5CFEE57828ED69B100A8DD66 /* ContentView.swift */ = {isa = PBXFileReference; lastKnownFileType = sourcecode.swift; path = ContentView.swift; sourceTree = "<group>"; };
		5CFEE57A28ED69B200A8DD66 /* Assets.xcassets */ = {isa = PBXFileReference; lastKnownFileType = folder.assetcatalog; path = Assets.xcassets; sourceTree = "<group>"; };
		5CFEE57D28ED69B200A8DD66 /* Preview Assets.xcassets */ = {isa = PBXFileReference; lastKnownFileType = folder.assetcatalog; path = "Preview Assets.xcassets"; sourceTree = "<group>"; };
/* End PBXFileReference section */

/* Begin PBXFrameworksBuildPhase section */
		5CFEE57028ED69B100A8DD66 /* Frameworks */ = {
			isa = PBXFrameworksBuildPhase;
			buildActionMask = 2147483647;
			files = (
				5C08B6E028ED7956009218D7 /* Supabase in Frameworks */,
				5CFB563628F5A76600F13A1E /* CachedAsyncImage in Frameworks */,
			);
			runOnlyForDeploymentPostprocessing = 0;
		};
/* End PBXFrameworksBuildPhase section */

/* Begin PBXGroup section */
		5C08B6DE28ED7956009218D7 /* Frameworks */ = {
			isa = PBXGroup;
			children = (
			);
			name = Frameworks;
			sourceTree = "<group>";
		};
		5C11ECB428EEEF8400CCDE6A /* Views */ = {
			isa = PBXGroup;
			children = (
				5C25349928EDA68400A78780 /* CompanyView.swift */,
				5CFEE57828ED69B100A8DD66 /* ContentView.swift */,
				5C11ECB528EEEFB300CCDE6A /* SettingsView.swift */,
				5C11ECB228EEEDEF00CCDE6A /* FriendsView.swift */,
				5C11ECAE28EECC8500CCDE6A /* AuthView.swift */,
				5C11ECB828EEF16000CCDE6A /* ProfileView.swift */,
				5C11ECBA28EEF24700CCDE6A /* ActivityView.swift */,
				5C11ECBC28EEF30600CCDE6A /* SearchView.swift */,
				5CD10A3C28F75B7A0001CFC2 /* ProductPageView.swift */,
				5CD10A3E28F760520001CFC2 /* CheckInPage.swift */,
			);
			path = Views;
			sourceTree = "<group>";
		};
		5C11ECBE28EF433700CCDE6A /* Models */ = {
			isa = PBXGroup;
			children = (
				5C08B6E128ED7B05009218D7 /* Company.swift */,
				5C11ECBF28EF434700CCDE6A /* Profile.swift */,
				5CFB563028F5974100F13A1E /* Supabase.swift */,
			);
			path = Models;
			sourceTree = "<group>";
		};
		5CCE914C28F45DD7005A6043 /* Utils */ = {
			isa = PBXGroup;
			children = (
				5CCE914D28F45DE7005A6043 /* Utils.swift */,
			);
			path = Utils;
			sourceTree = "<group>";
		};
		5CFB562D28F5969300F13A1E /* Components */ = {
			isa = PBXGroup;
			children = (
				5CFB562E28F596A200F13A1E /* ChipView.swift */,
				5CFB563228F597ED00F13A1E /* RatingView.swift */,
				5CD10A3828F6A1CA0001CFC2 /* MiniAvatarView.swift */,
				5CD10A3A28F6A1FE0001CFC2 /* CheckInCardView.swift */,
			);
			path = Components;
			sourceTree = "<group>";
		};
		5CFEE56A28ED69B100A8DD66 = {
			isa = PBXGroup;
			children = (
				5C11ECC128EF768A00CCDE6A /* .xcconfig.xcconfig */,
				5CFEE57528ED69B100A8DD66 /* tasted */,
				5CFEE57428ED69B100A8DD66 /* Products */,
				5C08B6DE28ED7956009218D7 /* Frameworks */,
			);
			sourceTree = "<group>";
		};
		5CFEE57428ED69B100A8DD66 /* Products */ = {
			isa = PBXGroup;
			children = (
				5CFEE57328ED69B100A8DD66 /* tasted.app */,
			);
			name = Products;
			sourceTree = "<group>";
		};
		5CFEE57528ED69B100A8DD66 /* tasted */ = {
			isa = PBXGroup;
			children = (
				5CFB562D28F5969300F13A1E /* Components */,
				5CCE914C28F45DD7005A6043 /* Utils */,
				5C11ECBE28EF433700CCDE6A /* Models */,
				5C11ECB428EEEF8400CCDE6A /* Views */,
				5CFEE57628ED69B100A8DD66 /* tastedApp.swift */,
				5CFEE57A28ED69B200A8DD66 /* Assets.xcassets */,
				5CFEE57C28ED69B200A8DD66 /* Preview Content */,
				5C25349528EDA58700A78780 /* API.swift */,
				5C11ECB028EECCAB00CCDE6A /* Environment+Session.swift */,
			);
			path = tasted;
			sourceTree = "<group>";
		};
		5CFEE57C28ED69B200A8DD66 /* Preview Content */ = {
			isa = PBXGroup;
			children = (
				5CFEE57D28ED69B200A8DD66 /* Preview Assets.xcassets */,
			);
			path = "Preview Content";
			sourceTree = "<group>";
		};
/* End PBXGroup section */

/* Begin PBXNativeTarget section */
		5CFEE57228ED69B100A8DD66 /* tasted */ = {
			isa = PBXNativeTarget;
			buildConfigurationList = 5CFEE58128ED69B200A8DD66 /* Build configuration list for PBXNativeTarget "tasted" */;
			buildPhases = (
				5CFEE56F28ED69B100A8DD66 /* Sources */,
				5CFEE57028ED69B100A8DD66 /* Frameworks */,
				5CFEE57128ED69B100A8DD66 /* Resources */,
			);
			buildRules = (
			);
			dependencies = (
			);
			name = tasted;
			packageProductDependencies = (
				5C08B6DF28ED7956009218D7 /* Supabase */,
				5CFB563528F5A76600F13A1E /* CachedAsyncImage */,
			);
			productName = tasted;
			productReference = 5CFEE57328ED69B100A8DD66 /* tasted.app */;
			productType = "com.apple.product-type.application";
		};
/* End PBXNativeTarget section */

/* Begin PBXProject section */
		5CFEE56B28ED69B100A8DD66 /* Project object */ = {
			isa = PBXProject;
			attributes = {
				BuildIndependentTargetsInParallel = 1;
				LastSwiftUpdateCheck = 1400;
				LastUpgradeCheck = 1410;
				TargetAttributes = {
					5CFEE57228ED69B100A8DD66 = {
						CreatedOnToolsVersion = 14.0;
					};
				};
			};
			buildConfigurationList = 5CFEE56E28ED69B100A8DD66 /* Build configuration list for PBXProject "tasted" */;
			compatibilityVersion = "Xcode 14.0";
			developmentRegion = en;
			hasScannedForEncodings = 0;
			knownRegions = (
				en,
				Base,
			);
			mainGroup = 5CFEE56A28ED69B100A8DD66;
			packageReferences = (
				5CFEE58628ED6BAD00A8DD66 /* XCRemoteSwiftPackageReference "supabase-swift" */,
				5CFB563428F5A76600F13A1E /* XCRemoteSwiftPackageReference "swiftui-cached-async-image" */,
			);
			productRefGroup = 5CFEE57428ED69B100A8DD66 /* Products */;
			projectDirPath = "";
			projectRoot = "";
			targets = (
				5CFEE57228ED69B100A8DD66 /* tasted */,
			);
		};
/* End PBXProject section */

/* Begin PBXResourcesBuildPhase section */
		5CFEE57128ED69B100A8DD66 /* Resources */ = {
			isa = PBXResourcesBuildPhase;
			buildActionMask = 2147483647;
			files = (
				5CFEE57E28ED69B200A8DD66 /* Preview Assets.xcassets in Resources */,
				5CFEE57B28ED69B200A8DD66 /* Assets.xcassets in Resources */,
			);
			runOnlyForDeploymentPostprocessing = 0;
		};
/* End PBXResourcesBuildPhase section */

/* Begin PBXSourcesBuildPhase section */
		5CFEE56F28ED69B100A8DD66 /* Sources */ = {
			isa = PBXSourcesBuildPhase;
			buildActionMask = 2147483647;
			files = (
				5C11ECBB28EEF24700CCDE6A /* ActivityView.swift in Sources */,
				5CFEE57928ED69B100A8DD66 /* ContentView.swift in Sources */,
				5CFB563328F597ED00F13A1E /* RatingView.swift in Sources */,
				5CFEE57728ED69B100A8DD66 /* tastedApp.swift in Sources */,
				5CCE914E28F45DE7005A6043 /* Utils.swift in Sources */,
				5CD10A3D28F75B7A0001CFC2 /* ProductPageView.swift in Sources */,
				5C11ECC028EF434700CCDE6A /* Profile.swift in Sources */,
				5C11ECB928EEF16000CCDE6A /* ProfileView.swift in Sources */,
				5C11ECBD28EEF30600CCDE6A /* SearchView.swift in Sources */,
				5C11ECB328EEEDEF00CCDE6A /* FriendsView.swift in Sources */,
				5C11ECB628EEEFB300CCDE6A /* SettingsView.swift in Sources */,
				5CD10A3928F6A1CA0001CFC2 /* MiniAvatarView.swift in Sources */,
				5C25349A28EDA68400A78780 /* CompanyView.swift in Sources */,
				5CD10A3F28F760520001CFC2 /* CheckInPage.swift in Sources */,
				5C11ECB128EECCAB00CCDE6A /* Environment+Session.swift in Sources */,
				5C08B6E228ED7B05009218D7 /* Company.swift in Sources */,
				5C11ECAF28EECC8500CCDE6A /* AuthView.swift in Sources */,
				5CD10A3B28F6A1FE0001CFC2 /* CheckInCardView.swift in Sources */,
				5CFB563128F5974100F13A1E /* Supabase.swift in Sources */,
				5CFB562F28F596A200F13A1E /* ChipView.swift in Sources */,
				5C25349628EDA58700A78780 /* API.swift in Sources */,
			);
			runOnlyForDeploymentPostprocessing = 0;
		};
/* End PBXSourcesBuildPhase section */

/* Begin XCBuildConfiguration section */
		5CFEE57F28ED69B200A8DD66 /* Debug */ = {
			isa = XCBuildConfiguration;
			buildSettings = {
				ALWAYS_SEARCH_USER_PATHS = NO;
				CLANG_ANALYZER_NONNULL = YES;
				CLANG_ANALYZER_NUMBER_OBJECT_CONVERSION = YES_AGGRESSIVE;
				CLANG_CXX_LANGUAGE_STANDARD = "gnu++17";
				CLANG_ENABLE_MODULES = YES;
				CLANG_ENABLE_OBJC_ARC = YES;
				CLANG_ENABLE_OBJC_WEAK = YES;
				CLANG_WARN_BLOCK_CAPTURE_AUTORELEASING = YES;
				CLANG_WARN_BOOL_CONVERSION = YES;
				CLANG_WARN_COMMA = YES;
				CLANG_WARN_CONSTANT_CONVERSION = YES;
				CLANG_WARN_DEPRECATED_OBJC_IMPLEMENTATIONS = YES;
				CLANG_WARN_DIRECT_OBJC_ISA_USAGE = YES_ERROR;
				CLANG_WARN_DOCUMENTATION_COMMENTS = YES;
				CLANG_WARN_EMPTY_BODY = YES;
				CLANG_WARN_ENUM_CONVERSION = YES;
				CLANG_WARN_INFINITE_RECURSION = YES;
				CLANG_WARN_INT_CONVERSION = YES;
				CLANG_WARN_NON_LITERAL_NULL_CONVERSION = YES;
				CLANG_WARN_OBJC_IMPLICIT_RETAIN_SELF = YES;
				CLANG_WARN_OBJC_LITERAL_CONVERSION = YES;
				CLANG_WARN_OBJC_ROOT_CLASS = YES_ERROR;
				CLANG_WARN_QUOTED_INCLUDE_IN_FRAMEWORK_HEADER = YES;
				CLANG_WARN_RANGE_LOOP_ANALYSIS = YES;
				CLANG_WARN_STRICT_PROTOTYPES = YES;
				CLANG_WARN_SUSPICIOUS_MOVE = YES;
				CLANG_WARN_UNGUARDED_AVAILABILITY = YES_AGGRESSIVE;
				CLANG_WARN_UNREACHABLE_CODE = YES;
				CLANG_WARN__DUPLICATE_METHOD_MATCH = YES;
				COPY_PHASE_STRIP = NO;
				DEBUG_INFORMATION_FORMAT = dwarf;
				ENABLE_STRICT_OBJC_MSGSEND = YES;
				ENABLE_TESTABILITY = YES;
				GCC_C_LANGUAGE_STANDARD = gnu11;
				GCC_DYNAMIC_NO_PIC = NO;
				GCC_NO_COMMON_BLOCKS = YES;
				GCC_OPTIMIZATION_LEVEL = 0;
				GCC_PREPROCESSOR_DEFINITIONS = (
					"DEBUG=1",
					"$(inherited)",
				);
				GCC_WARN_64_TO_32_BIT_CONVERSION = YES;
				GCC_WARN_ABOUT_RETURN_TYPE = YES_ERROR;
				GCC_WARN_UNDECLARED_SELECTOR = YES;
				GCC_WARN_UNINITIALIZED_AUTOS = YES_AGGRESSIVE;
				GCC_WARN_UNUSED_FUNCTION = YES;
				GCC_WARN_UNUSED_VARIABLE = YES;
				IPHONEOS_DEPLOYMENT_TARGET = 16.1;
				MTL_ENABLE_DEBUG_INFO = INCLUDE_SOURCE;
				MTL_FAST_MATH = YES;
				ONLY_ACTIVE_ARCH = YES;
				SDKROOT = iphoneos;
				SWIFT_ACTIVE_COMPILATION_CONDITIONS = DEBUG;
				SWIFT_OPTIMIZATION_LEVEL = "-Onone";
			};
			name = Debug;
		};
		5CFEE58028ED69B200A8DD66 /* Release */ = {
			isa = XCBuildConfiguration;
			buildSettings = {
				ALWAYS_SEARCH_USER_PATHS = NO;
				CLANG_ANALYZER_NONNULL = YES;
				CLANG_ANALYZER_NUMBER_OBJECT_CONVERSION = YES_AGGRESSIVE;
				CLANG_CXX_LANGUAGE_STANDARD = "gnu++17";
				CLANG_ENABLE_MODULES = YES;
				CLANG_ENABLE_OBJC_ARC = YES;
				CLANG_ENABLE_OBJC_WEAK = YES;
				CLANG_WARN_BLOCK_CAPTURE_AUTORELEASING = YES;
				CLANG_WARN_BOOL_CONVERSION = YES;
				CLANG_WARN_COMMA = YES;
				CLANG_WARN_CONSTANT_CONVERSION = YES;
				CLANG_WARN_DEPRECATED_OBJC_IMPLEMENTATIONS = YES;
				CLANG_WARN_DIRECT_OBJC_ISA_USAGE = YES_ERROR;
				CLANG_WARN_DOCUMENTATION_COMMENTS = YES;
				CLANG_WARN_EMPTY_BODY = YES;
				CLANG_WARN_ENUM_CONVERSION = YES;
				CLANG_WARN_INFINITE_RECURSION = YES;
				CLANG_WARN_INT_CONVERSION = YES;
				CLANG_WARN_NON_LITERAL_NULL_CONVERSION = YES;
				CLANG_WARN_OBJC_IMPLICIT_RETAIN_SELF = YES;
				CLANG_WARN_OBJC_LITERAL_CONVERSION = YES;
				CLANG_WARN_OBJC_ROOT_CLASS = YES_ERROR;
				CLANG_WARN_QUOTED_INCLUDE_IN_FRAMEWORK_HEADER = YES;
				CLANG_WARN_RANGE_LOOP_ANALYSIS = YES;
				CLANG_WARN_STRICT_PROTOTYPES = YES;
				CLANG_WARN_SUSPICIOUS_MOVE = YES;
				CLANG_WARN_UNGUARDED_AVAILABILITY = YES_AGGRESSIVE;
				CLANG_WARN_UNREACHABLE_CODE = YES;
				CLANG_WARN__DUPLICATE_METHOD_MATCH = YES;
				COPY_PHASE_STRIP = NO;
				DEBUG_INFORMATION_FORMAT = "dwarf-with-dsym";
				ENABLE_NS_ASSERTIONS = NO;
				ENABLE_STRICT_OBJC_MSGSEND = YES;
				GCC_C_LANGUAGE_STANDARD = gnu11;
				GCC_NO_COMMON_BLOCKS = YES;
				GCC_WARN_64_TO_32_BIT_CONVERSION = YES;
				GCC_WARN_ABOUT_RETURN_TYPE = YES_ERROR;
				GCC_WARN_UNDECLARED_SELECTOR = YES;
				GCC_WARN_UNINITIALIZED_AUTOS = YES_AGGRESSIVE;
				GCC_WARN_UNUSED_FUNCTION = YES;
				GCC_WARN_UNUSED_VARIABLE = YES;
				IPHONEOS_DEPLOYMENT_TARGET = 16.1;
				MTL_ENABLE_DEBUG_INFO = NO;
				MTL_FAST_MATH = YES;
				SDKROOT = iphoneos;
				SWIFT_COMPILATION_MODE = wholemodule;
				SWIFT_OPTIMIZATION_LEVEL = "-O";
				VALIDATE_PRODUCT = YES;
			};
			name = Release;
		};
		5CFEE58228ED69B200A8DD66 /* Debug */ = {
			isa = XCBuildConfiguration;
			buildSettings = {
				ASSETCATALOG_COMPILER_APPICON_NAME = AppIcon;
				ASSETCATALOG_COMPILER_GLOBAL_ACCENT_COLOR_NAME = AccentColor;
				CODE_SIGN_STYLE = Automatic;
				CURRENT_PROJECT_VERSION = 1;
				DEVELOPMENT_ASSET_PATHS = "\"tasted/Preview Content\"";
				DEVELOPMENT_TEAM = J9S7QG9SVR;
				ENABLE_PREVIEWS = YES;
				GENERATE_INFOPLIST_FILE = YES;
				INFOPLIST_KEY_CFBundleDisplayName = tasted;
				INFOPLIST_KEY_LSApplicationCategoryType = "public.app-category.food-and-drink";
				INFOPLIST_KEY_UIApplicationSceneManifest_Generation = YES;
				INFOPLIST_KEY_UIApplicationSupportsIndirectInputEvents = YES;
				INFOPLIST_KEY_UILaunchScreen_Generation = YES;
				INFOPLIST_KEY_UISupportedInterfaceOrientations_iPad = "UIInterfaceOrientationPortrait UIInterfaceOrientationPortraitUpsideDown UIInterfaceOrientationLandscapeLeft UIInterfaceOrientationLandscapeRight";
				INFOPLIST_KEY_UISupportedInterfaceOrientations_iPhone = "UIInterfaceOrientationPortrait UIInterfaceOrientationLandscapeLeft UIInterfaceOrientationLandscapeRight";
				LD_RUNPATH_SEARCH_PATHS = (
					"$(inherited)",
					"@executable_path/Frameworks",
				);
				MARKETING_VERSION = 1.0;
				PRODUCT_BUNDLE_IDENTIFIER = villeheikkila.tasted;
				PRODUCT_NAME = "$(TARGET_NAME)";
				SWIFT_EMIT_LOC_STRINGS = YES;
				SWIFT_VERSION = 5.0;
				TARGETED_DEVICE_FAMILY = "1,2";
			};
			name = Debug;
		};
		5CFEE58328ED69B200A8DD66 /* Release */ = {
			isa = XCBuildConfiguration;
			buildSettings = {
				ASSETCATALOG_COMPILER_APPICON_NAME = AppIcon;
				ASSETCATALOG_COMPILER_GLOBAL_ACCENT_COLOR_NAME = AccentColor;
				CODE_SIGN_STYLE = Automatic;
				CURRENT_PROJECT_VERSION = 1;
				DEVELOPMENT_ASSET_PATHS = "\"tasted/Preview Content\"";
				DEVELOPMENT_TEAM = J9S7QG9SVR;
				ENABLE_PREVIEWS = YES;
				GENERATE_INFOPLIST_FILE = YES;
				INFOPLIST_KEY_CFBundleDisplayName = tasted;
				INFOPLIST_KEY_LSApplicationCategoryType = "public.app-category.food-and-drink";
				INFOPLIST_KEY_UIApplicationSceneManifest_Generation = YES;
				INFOPLIST_KEY_UIApplicationSupportsIndirectInputEvents = YES;
				INFOPLIST_KEY_UILaunchScreen_Generation = YES;
				INFOPLIST_KEY_UISupportedInterfaceOrientations_iPad = "UIInterfaceOrientationPortrait UIInterfaceOrientationPortraitUpsideDown UIInterfaceOrientationLandscapeLeft UIInterfaceOrientationLandscapeRight";
				INFOPLIST_KEY_UISupportedInterfaceOrientations_iPhone = "UIInterfaceOrientationPortrait UIInterfaceOrientationLandscapeLeft UIInterfaceOrientationLandscapeRight";
				LD_RUNPATH_SEARCH_PATHS = (
					"$(inherited)",
					"@executable_path/Frameworks",
				);
				MARKETING_VERSION = 1.0;
				PRODUCT_BUNDLE_IDENTIFIER = villeheikkila.tasted;
				PRODUCT_NAME = "$(TARGET_NAME)";
				SWIFT_EMIT_LOC_STRINGS = YES;
				SWIFT_VERSION = 5.0;
				TARGETED_DEVICE_FAMILY = "1,2";
			};
			name = Release;
		};
/* End XCBuildConfiguration section */

/* Begin XCConfigurationList section */
		5CFEE56E28ED69B100A8DD66 /* Build configuration list for PBXProject "tasted" */ = {
			isa = XCConfigurationList;
			buildConfigurations = (
				5CFEE57F28ED69B200A8DD66 /* Debug */,
				5CFEE58028ED69B200A8DD66 /* Release */,
			);
			defaultConfigurationIsVisible = 0;
			defaultConfigurationName = Release;
		};
		5CFEE58128ED69B200A8DD66 /* Build configuration list for PBXNativeTarget "tasted" */ = {
			isa = XCConfigurationList;
			buildConfigurations = (
				5CFEE58228ED69B200A8DD66 /* Debug */,
				5CFEE58328ED69B200A8DD66 /* Release */,
			);
			defaultConfigurationIsVisible = 0;
			defaultConfigurationName = Release;
		};
/* End XCConfigurationList section */

/* Begin XCRemoteSwiftPackageReference section */
		5CFB563428F5A76600F13A1E /* XCRemoteSwiftPackageReference "swiftui-cached-async-image" */ = {
			isa = XCRemoteSwiftPackageReference;
			repositoryURL = "https://github.com/lorenzofiamingo/swiftui-cached-async-image";
			requirement = {
				kind = upToNextMajorVersion;
				minimumVersion = 2.0.0;
			};
		};
		5CFEE58628ED6BAD00A8DD66 /* XCRemoteSwiftPackageReference "supabase-swift" */ = {
			isa = XCRemoteSwiftPackageReference;
			repositoryURL = "https://github.com/supabase-community/supabase-swift";
			requirement = {
				kind = upToNextMajorVersion;
				minimumVersion = 0.0.9;
			};
		};
/* End XCRemoteSwiftPackageReference section */

/* Begin XCSwiftPackageProductDependency section */
		5C08B6DF28ED7956009218D7 /* Supabase */ = {
			isa = XCSwiftPackageProductDependency;
			package = 5CFEE58628ED6BAD00A8DD66 /* XCRemoteSwiftPackageReference "supabase-swift" */;
			productName = Supabase;
		};
		5CFB563528F5A76600F13A1E /* CachedAsyncImage */ = {
			isa = XCSwiftPackageProductDependency;
			package = 5CFB563428F5A76600F13A1E /* XCRemoteSwiftPackageReference "swiftui-cached-async-image" */;
			productName = CachedAsyncImage;
		};
/* End XCSwiftPackageProductDependency section */
	};
	rootObject = 5CFEE56B28ED69B100A8DD66 /* Project object */;
}
