// !$*UTF8*$!
{
	archiveVersion = 1;
	classes = {
	};
	objectVersion = 56;
	objects = {

/* Begin PBXBuildFile section */
		5C08B6E028ED7956009218D7 /* Supabase in Frameworks */ = {isa = PBXBuildFile; productRef = 5C08B6DF28ED7956009218D7 /* Supabase */; };
		5C08B6E228ED7B05009218D7 /* Company.swift in Sources */ = {isa = PBXBuildFile; fileRef = 5C08B6E128ED7B05009218D7 /* Company.swift */; };
		5C11ECAF28EECC8500CCDE6A /* AuthView.swift in Sources */ = {isa = PBXBuildFile; fileRef = 5C11ECAE28EECC8500CCDE6A /* AuthView.swift */; };
		5C11ECB328EEEDEF00CCDE6A /* FriendsView.swift in Sources */ = {isa = PBXBuildFile; fileRef = 5C11ECB228EEEDEF00CCDE6A /* FriendsView.swift */; };
		5C11ECB628EEEFB300CCDE6A /* SettingsView.swift in Sources */ = {isa = PBXBuildFile; fileRef = 5C11ECB528EEEFB300CCDE6A /* SettingsView.swift */; };
		5C11ECB928EEF16000CCDE6A /* ProfileView.swift in Sources */ = {isa = PBXBuildFile; fileRef = 5C11ECB828EEF16000CCDE6A /* ProfileView.swift */; };
		5C11ECBB28EEF24700CCDE6A /* ActivityView.swift in Sources */ = {isa = PBXBuildFile; fileRef = 5C11ECBA28EEF24700CCDE6A /* ActivityView.swift */; };
		5C11ECBD28EEF30600CCDE6A /* SearchView.swift in Sources */ = {isa = PBXBuildFile; fileRef = 5C11ECBC28EEF30600CCDE6A /* SearchView.swift */; };
		5C11ECC028EF434700CCDE6A /* Profile.swift in Sources */ = {isa = PBXBuildFile; fileRef = 5C11ECBF28EF434700CCDE6A /* Profile.swift */; };
		5C25349628EDA58700A78780 /* Supabase.swift in Sources */ = {isa = PBXBuildFile; fileRef = 5C25349528EDA58700A78780 /* Supabase.swift */; };
		5C25349A28EDA68400A78780 /* CompanyView.swift in Sources */ = {isa = PBXBuildFile; fileRef = 5C25349928EDA68400A78780 /* CompanyView.swift */; };
		5C7DC2B728F9F2D600AED6F1 /* FriendsRepository.swift in Sources */ = {isa = PBXBuildFile; fileRef = 5C7DC2B628F9F2D600AED6F1 /* FriendsRepository.swift */; };
		5C7DC2B928FA07CF00AED6F1 /* Friend.swift in Sources */ = {isa = PBXBuildFile; fileRef = 5C7DC2B828FA07CF00AED6F1 /* Friend.swift */; };
		5CB1C24128F99E1C000B0EB4 /* ProductListItemView.swift in Sources */ = {isa = PBXBuildFile; fileRef = 5CB1C24028F99E1C000B0EB4 /* ProductListItemView.swift */; };
		5CB1C24328F99E4C000B0EB4 /* ReactionsView.swift in Sources */ = {isa = PBXBuildFile; fileRef = 5CB1C24228F99E4C000B0EB4 /* ReactionsView.swift */; };
		5CB1C24528F9AF80000B0EB4 /* CheckInRepository.swift in Sources */ = {isa = PBXBuildFile; fileRef = 5CB1C24428F9AF80000B0EB4 /* CheckInRepository.swift */; };
		5CB1C24728F9B551000B0EB4 /* CheckInCommentRepository.swift in Sources */ = {isa = PBXBuildFile; fileRef = 5CB1C24628F9B551000B0EB4 /* CheckInCommentRepository.swift */; };
		5CB1C24928F9BBAA000B0EB4 /* CheckInReactionRepository.swift in Sources */ = {isa = PBXBuildFile; fileRef = 5CB1C24828F9BBAA000B0EB4 /* CheckInReactionRepository.swift */; };
		5CB1C24B28F9BE4F000B0EB4 /* ProductRepository.swift in Sources */ = {isa = PBXBuildFile; fileRef = 5CB1C24A28F9BE4F000B0EB4 /* ProductRepository.swift */; };
		5CB1C24D28F9C087000B0EB4 /* AuthRepository.swift in Sources */ = {isa = PBXBuildFile; fileRef = 5CB1C24C28F9C087000B0EB4 /* AuthRepository.swift */; };
		5CB1C24F28F9C52E000B0EB4 /* CompanyRepository.swift in Sources */ = {isa = PBXBuildFile; fileRef = 5CB1C24E28F9C52E000B0EB4 /* CompanyRepository.swift */; };
		5CCE914E28F45DE7005A6043 /* Utils.swift in Sources */ = {isa = PBXBuildFile; fileRef = 5CCE914D28F45DE7005A6043 /* Utils.swift */; };
		5CD10A3928F6A1CA0001CFC2 /* AvatarView.swift in Sources */ = {isa = PBXBuildFile; fileRef = 5CD10A3828F6A1CA0001CFC2 /* AvatarView.swift */; };
		5CD10A3B28F6A1FE0001CFC2 /* CheckInCardView.swift in Sources */ = {isa = PBXBuildFile; fileRef = 5CD10A3A28F6A1FE0001CFC2 /* CheckInCardView.swift */; };
		5CD10A3D28F75B7A0001CFC2 /* ProductPageView.swift in Sources */ = {isa = PBXBuildFile; fileRef = 5CD10A3C28F75B7A0001CFC2 /* ProductPageView.swift */; };
		5CD10A3F28F760520001CFC2 /* CheckInPage.swift in Sources */ = {isa = PBXBuildFile; fileRef = 5CD10A3E28F760520001CFC2 /* CheckInPage.swift */; };
		5CD10A4128F80B4F0001CFC2 /* CollapsibleView.swift in Sources */ = {isa = PBXBuildFile; fileRef = 5CD10A4028F80B4F0001CFC2 /* CollapsibleView.swift */; };
		5CD10A4328F82E000001CFC2 /* InfiniteScroll.swift in Sources */ = {isa = PBXBuildFile; fileRef = 5CD10A4228F82E000001CFC2 /* InfiniteScroll.swift */; };
		5CD10A4528F952030001CFC2 /* AddCheckInView.swift in Sources */ = {isa = PBXBuildFile; fileRef = 5CD10A4428F952030001CFC2 /* AddCheckInView.swift */; };
		5CD10A4728F9522D0001CFC2 /* RatingPicker.swift in Sources */ = {isa = PBXBuildFile; fileRef = 5CD10A4628F9522D0001CFC2 /* RatingPicker.swift */; };
		5CD10A4928F956AC0001CFC2 /* ProductCardView.swift in Sources */ = {isa = PBXBuildFile; fileRef = 5CD10A4828F956AC0001CFC2 /* ProductCardView.swift */; };
		5CD10A4B28F980860001CFC2 /* CheckInComment.swift in Sources */ = {isa = PBXBuildFile; fileRef = 5CD10A4A28F980860001CFC2 /* CheckInComment.swift */; };
		5CD10A4D28F985D00001CFC2 /* CheckIn.swift in Sources */ = {isa = PBXBuildFile; fileRef = 5CD10A4C28F985D00001CFC2 /* CheckIn.swift */; };
		5CD10A4F28F98C0B0001CFC2 /* Category.swift in Sources */ = {isa = PBXBuildFile; fileRef = 5CD10A4E28F98C0B0001CFC2 /* Category.swift */; };
		5CD10A5128F98C8C0001CFC2 /* Subcategory.swift in Sources */ = {isa = PBXBuildFile; fileRef = 5CD10A5028F98C8C0001CFC2 /* Subcategory.swift */; };
		5CD10A5328F98CFC0001CFC2 /* Brand.swift in Sources */ = {isa = PBXBuildFile; fileRef = 5CD10A5228F98CFC0001CFC2 /* Brand.swift */; };
		5CD10A5528F98D220001CFC2 /* SubBrand.swift in Sources */ = {isa = PBXBuildFile; fileRef = 5CD10A5428F98D220001CFC2 /* SubBrand.swift */; };
		5CD10A5728F98D490001CFC2 /* Product.swift in Sources */ = {isa = PBXBuildFile; fileRef = 5CD10A5628F98D490001CFC2 /* Product.swift */; };
		5CD10A5928F98D8A0001CFC2 /* CheckInReaction.swift in Sources */ = {isa = PBXBuildFile; fileRef = 5CD10A5828F98D8A0001CFC2 /* CheckInReaction.swift */; };
		5CD10A5C28F998BF0001CFC2 /* ProfileRepository.swift in Sources */ = {isa = PBXBuildFile; fileRef = 5CD10A5B28F998BF0001CFC2 /* ProfileRepository.swift */; };
		5CFB562F28F596A200F13A1E /* ChipView.swift in Sources */ = {isa = PBXBuildFile; fileRef = 5CFB562E28F596A200F13A1E /* ChipView.swift */; };
		5CFB563128F5974100F13A1E /* ProfileSummary.swift in Sources */ = {isa = PBXBuildFile; fileRef = 5CFB563028F5974100F13A1E /* ProfileSummary.swift */; };
		5CFB563328F597ED00F13A1E /* RatingView.swift in Sources */ = {isa = PBXBuildFile; fileRef = 5CFB563228F597ED00F13A1E /* RatingView.swift */; };
		5CFB563628F5A76600F13A1E /* CachedAsyncImage in Frameworks */ = {isa = PBXBuildFile; productRef = 5CFB563528F5A76600F13A1E /* CachedAsyncImage */; };
		5CFEE57728ED69B100A8DD66 /* Main.swift in Sources */ = {isa = PBXBuildFile; fileRef = 5CFEE57628ED69B100A8DD66 /* Main.swift */; };
		5CFEE57928ED69B100A8DD66 /* RootView.swift in Sources */ = {isa = PBXBuildFile; fileRef = 5CFEE57828ED69B100A8DD66 /* RootView.swift */; };
		5CFEE57B28ED69B200A8DD66 /* Assets.xcassets in Resources */ = {isa = PBXBuildFile; fileRef = 5CFEE57A28ED69B200A8DD66 /* Assets.xcassets */; };
		5CFEE57E28ED69B200A8DD66 /* Preview Assets.xcassets in Resources */ = {isa = PBXBuildFile; fileRef = 5CFEE57D28ED69B200A8DD66 /* Preview Assets.xcassets */; };
/* End PBXBuildFile section */

/* Begin PBXFileReference section */
		5C08B6E128ED7B05009218D7 /* Company.swift */ = {isa = PBXFileReference; lastKnownFileType = sourcecode.swift; path = Company.swift; sourceTree = "<group>"; };
		5C11ECAE28EECC8500CCDE6A /* AuthView.swift */ = {isa = PBXFileReference; lastKnownFileType = sourcecode.swift; path = AuthView.swift; sourceTree = "<group>"; };
		5C11ECB228EEEDEF00CCDE6A /* FriendsView.swift */ = {isa = PBXFileReference; lastKnownFileType = sourcecode.swift; path = FriendsView.swift; sourceTree = "<group>"; };
		5C11ECB528EEEFB300CCDE6A /* SettingsView.swift */ = {isa = PBXFileReference; lastKnownFileType = sourcecode.swift; path = SettingsView.swift; sourceTree = "<group>"; };
		5C11ECB828EEF16000CCDE6A /* ProfileView.swift */ = {isa = PBXFileReference; lastKnownFileType = sourcecode.swift; path = ProfileView.swift; sourceTree = "<group>"; };
		5C11ECBA28EEF24700CCDE6A /* ActivityView.swift */ = {isa = PBXFileReference; lastKnownFileType = sourcecode.swift; path = ActivityView.swift; sourceTree = "<group>"; };
		5C11ECBC28EEF30600CCDE6A /* SearchView.swift */ = {isa = PBXFileReference; lastKnownFileType = sourcecode.swift; path = SearchView.swift; sourceTree = "<group>"; };
		5C11ECBF28EF434700CCDE6A /* Profile.swift */ = {isa = PBXFileReference; lastKnownFileType = sourcecode.swift; path = Profile.swift; sourceTree = "<group>"; };
		5C11ECC128EF768A00CCDE6A /* .xcconfig.xcconfig */ = {isa = PBXFileReference; lastKnownFileType = text.xcconfig; path = .xcconfig.xcconfig; sourceTree = "<group>"; };
		5C25349528EDA58700A78780 /* Supabase.swift */ = {isa = PBXFileReference; lastKnownFileType = sourcecode.swift; path = Supabase.swift; sourceTree = "<group>"; };
		5C25349928EDA68400A78780 /* CompanyView.swift */ = {isa = PBXFileReference; lastKnownFileType = sourcecode.swift; path = CompanyView.swift; sourceTree = "<group>"; };
		5C7DC2B628F9F2D600AED6F1 /* FriendsRepository.swift */ = {isa = PBXFileReference; lastKnownFileType = sourcecode.swift; path = FriendsRepository.swift; sourceTree = "<group>"; };
		5C7DC2B828FA07CF00AED6F1 /* Friend.swift */ = {isa = PBXFileReference; lastKnownFileType = sourcecode.swift; path = Friend.swift; sourceTree = "<group>"; };
		5CB1C24028F99E1C000B0EB4 /* ProductListItemView.swift */ = {isa = PBXFileReference; lastKnownFileType = sourcecode.swift; path = ProductListItemView.swift; sourceTree = "<group>"; };
		5CB1C24228F99E4C000B0EB4 /* ReactionsView.swift */ = {isa = PBXFileReference; lastKnownFileType = sourcecode.swift; path = ReactionsView.swift; sourceTree = "<group>"; };
		5CB1C24428F9AF80000B0EB4 /* CheckInRepository.swift */ = {isa = PBXFileReference; lastKnownFileType = sourcecode.swift; path = CheckInRepository.swift; sourceTree = "<group>"; };
		5CB1C24628F9B551000B0EB4 /* CheckInCommentRepository.swift */ = {isa = PBXFileReference; lastKnownFileType = sourcecode.swift; path = CheckInCommentRepository.swift; sourceTree = "<group>"; };
		5CB1C24828F9BBAA000B0EB4 /* CheckInReactionRepository.swift */ = {isa = PBXFileReference; lastKnownFileType = sourcecode.swift; path = CheckInReactionRepository.swift; sourceTree = "<group>"; };
		5CB1C24A28F9BE4F000B0EB4 /* ProductRepository.swift */ = {isa = PBXFileReference; lastKnownFileType = sourcecode.swift; path = ProductRepository.swift; sourceTree = "<group>"; };
		5CB1C24C28F9C087000B0EB4 /* AuthRepository.swift */ = {isa = PBXFileReference; lastKnownFileType = sourcecode.swift; path = AuthRepository.swift; sourceTree = "<group>"; };
		5CB1C24E28F9C52E000B0EB4 /* CompanyRepository.swift */ = {isa = PBXFileReference; lastKnownFileType = sourcecode.swift; path = CompanyRepository.swift; sourceTree = "<group>"; };
		5CCE914D28F45DE7005A6043 /* Utils.swift */ = {isa = PBXFileReference; lastKnownFileType = sourcecode.swift; path = Utils.swift; sourceTree = "<group>"; };
		5CD10A3828F6A1CA0001CFC2 /* AvatarView.swift */ = {isa = PBXFileReference; lastKnownFileType = sourcecode.swift; path = AvatarView.swift; sourceTree = "<group>"; };
		5CD10A3A28F6A1FE0001CFC2 /* CheckInCardView.swift */ = {isa = PBXFileReference; lastKnownFileType = sourcecode.swift; path = CheckInCardView.swift; sourceTree = "<group>"; };
		5CD10A3C28F75B7A0001CFC2 /* ProductPageView.swift */ = {isa = PBXFileReference; lastKnownFileType = sourcecode.swift; path = ProductPageView.swift; sourceTree = "<group>"; };
		5CD10A3E28F760520001CFC2 /* CheckInPage.swift */ = {isa = PBXFileReference; lastKnownFileType = sourcecode.swift; path = CheckInPage.swift; sourceTree = "<group>"; };
		5CD10A4028F80B4F0001CFC2 /* CollapsibleView.swift */ = {isa = PBXFileReference; lastKnownFileType = sourcecode.swift; path = CollapsibleView.swift; sourceTree = "<group>"; };
		5CD10A4228F82E000001CFC2 /* InfiniteScroll.swift */ = {isa = PBXFileReference; lastKnownFileType = sourcecode.swift; path = InfiniteScroll.swift; sourceTree = "<group>"; };
		5CD10A4428F952030001CFC2 /* AddCheckInView.swift */ = {isa = PBXFileReference; lastKnownFileType = sourcecode.swift; path = AddCheckInView.swift; sourceTree = "<group>"; };
		5CD10A4628F9522D0001CFC2 /* RatingPicker.swift */ = {isa = PBXFileReference; lastKnownFileType = sourcecode.swift; path = RatingPicker.swift; sourceTree = "<group>"; };
		5CD10A4828F956AC0001CFC2 /* ProductCardView.swift */ = {isa = PBXFileReference; lastKnownFileType = sourcecode.swift; path = ProductCardView.swift; sourceTree = "<group>"; };
		5CD10A4A28F980860001CFC2 /* CheckInComment.swift */ = {isa = PBXFileReference; lastKnownFileType = sourcecode.swift; path = CheckInComment.swift; sourceTree = "<group>"; };
		5CD10A4C28F985D00001CFC2 /* CheckIn.swift */ = {isa = PBXFileReference; lastKnownFileType = sourcecode.swift; path = CheckIn.swift; sourceTree = "<group>"; };
		5CD10A4E28F98C0B0001CFC2 /* Category.swift */ = {isa = PBXFileReference; lastKnownFileType = sourcecode.swift; path = Category.swift; sourceTree = "<group>"; };
		5CD10A5028F98C8C0001CFC2 /* Subcategory.swift */ = {isa = PBXFileReference; lastKnownFileType = sourcecode.swift; path = Subcategory.swift; sourceTree = "<group>"; };
		5CD10A5228F98CFC0001CFC2 /* Brand.swift */ = {isa = PBXFileReference; lastKnownFileType = sourcecode.swift; path = Brand.swift; sourceTree = "<group>"; };
		5CD10A5428F98D220001CFC2 /* SubBrand.swift */ = {isa = PBXFileReference; lastKnownFileType = sourcecode.swift; path = SubBrand.swift; sourceTree = "<group>"; };
		5CD10A5628F98D490001CFC2 /* Product.swift */ = {isa = PBXFileReference; lastKnownFileType = sourcecode.swift; path = Product.swift; sourceTree = "<group>"; };
		5CD10A5828F98D8A0001CFC2 /* CheckInReaction.swift */ = {isa = PBXFileReference; lastKnownFileType = sourcecode.swift; path = CheckInReaction.swift; sourceTree = "<group>"; };
		5CD10A5B28F998BF0001CFC2 /* ProfileRepository.swift */ = {isa = PBXFileReference; lastKnownFileType = sourcecode.swift; path = ProfileRepository.swift; sourceTree = "<group>"; };
		5CFB562E28F596A200F13A1E /* ChipView.swift */ = {isa = PBXFileReference; lastKnownFileType = sourcecode.swift; path = ChipView.swift; sourceTree = "<group>"; };
		5CFB563028F5974100F13A1E /* ProfileSummary.swift */ = {isa = PBXFileReference; lastKnownFileType = sourcecode.swift; path = ProfileSummary.swift; sourceTree = "<group>"; };
		5CFB563228F597ED00F13A1E /* RatingView.swift */ = {isa = PBXFileReference; lastKnownFileType = sourcecode.swift; path = RatingView.swift; sourceTree = "<group>"; };
		5CFEE57328ED69B100A8DD66 /* tastey.app */ = {isa = PBXFileReference; explicitFileType = wrapper.application; includeInIndex = 0; path = tastey.app; sourceTree = BUILT_PRODUCTS_DIR; };
		5CFEE57628ED69B100A8DD66 /* Main.swift */ = {isa = PBXFileReference; lastKnownFileType = sourcecode.swift; path = Main.swift; sourceTree = "<group>"; };
		5CFEE57828ED69B100A8DD66 /* RootView.swift */ = {isa = PBXFileReference; lastKnownFileType = sourcecode.swift; path = RootView.swift; sourceTree = "<group>"; };
		5CFEE57A28ED69B200A8DD66 /* Assets.xcassets */ = {isa = PBXFileReference; lastKnownFileType = folder.assetcatalog; path = Assets.xcassets; sourceTree = "<group>"; };
		5CFEE57D28ED69B200A8DD66 /* Preview Assets.xcassets */ = {isa = PBXFileReference; lastKnownFileType = folder.assetcatalog; path = "Preview Assets.xcassets"; sourceTree = "<group>"; };
/* End PBXFileReference section */

/* Begin PBXFrameworksBuildPhase section */
		5CFEE57028ED69B100A8DD66 /* Frameworks */ = {
			isa = PBXFrameworksBuildPhase;
			buildActionMask = 2147483647;
			files = (
				5C08B6E028ED7956009218D7 /* Supabase in Frameworks */,
				5CFB563628F5A76600F13A1E /* CachedAsyncImage in Frameworks */,
			);
			runOnlyForDeploymentPostprocessing = 0;
		};
/* End PBXFrameworksBuildPhase section */

/* Begin PBXGroup section */
		5C08B6DE28ED7956009218D7 /* Frameworks */ = {
			isa = PBXGroup;
			children = (
			);
			name = Frameworks;
			sourceTree = "<group>";
		};
		5C11ECBE28EF433700CCDE6A /* Models */ = {
			isa = PBXGroup;
			children = (
				5C08B6E128ED7B05009218D7 /* Company.swift */,
				5C11ECBF28EF434700CCDE6A /* Profile.swift */,
				5CFB563028F5974100F13A1E /* ProfileSummary.swift */,
				5CD10A4A28F980860001CFC2 /* CheckInComment.swift */,
				5CD10A4C28F985D00001CFC2 /* CheckIn.swift */,
				5CD10A4E28F98C0B0001CFC2 /* Category.swift */,
				5CD10A5028F98C8C0001CFC2 /* Subcategory.swift */,
				5CD10A5228F98CFC0001CFC2 /* Brand.swift */,
				5CD10A5428F98D220001CFC2 /* SubBrand.swift */,
				5CD10A5628F98D490001CFC2 /* Product.swift */,
				5CD10A5828F98D8A0001CFC2 /* CheckInReaction.swift */,
				5C7DC2B828FA07CF00AED6F1 /* Friend.swift */,
			);
			path = Models;
			sourceTree = "<group>";
		};
		5CCE914C28F45DD7005A6043 /* Helpers */ = {
			isa = PBXGroup;
			children = (
				5C25349528EDA58700A78780 /* Supabase.swift */,
				5CCE914D28F45DE7005A6043 /* Utils.swift */,
			);
			path = Helpers;
			sourceTree = "<group>";
		};
		5CD10A5A28F9988C0001CFC2 /* Repositories */ = {
			isa = PBXGroup;
			children = (
				5CD10A5B28F998BF0001CFC2 /* ProfileRepository.swift */,
				5CB1C24428F9AF80000B0EB4 /* CheckInRepository.swift */,
				5CB1C24628F9B551000B0EB4 /* CheckInCommentRepository.swift */,
				5CB1C24828F9BBAA000B0EB4 /* CheckInReactionRepository.swift */,
				5CB1C24A28F9BE4F000B0EB4 /* ProductRepository.swift */,
				5CB1C24C28F9C087000B0EB4 /* AuthRepository.swift */,
				5CB1C24E28F9C52E000B0EB4 /* CompanyRepository.swift */,
				5C7DC2B628F9F2D600AED6F1 /* FriendsRepository.swift */,
			);
			path = Repositories;
			sourceTree = "<group>";
		};
		5CD10A5D28F99CDF0001CFC2 /* UI */ = {
			isa = PBXGroup;
			children = (
				5CFEE57828ED69B100A8DD66 /* RootView.swift */,
				5CFB562D28F5969300F13A1E /* Components */,
				5CD10A5F28F99CF60001CFC2 /* Screens */,
			);
			path = UI;
			sourceTree = "<group>";
		};
		5CD10A5F28F99CF60001CFC2 /* Screens */ = {
			isa = PBXGroup;
			children = (
				5CD10A4428F952030001CFC2 /* AddCheckInView.swift */,
				5C25349928EDA68400A78780 /* CompanyView.swift */,
				5C11ECB528EEEFB300CCDE6A /* SettingsView.swift */,
				5C11ECB228EEEDEF00CCDE6A /* FriendsView.swift */,
				5C11ECAE28EECC8500CCDE6A /* AuthView.swift */,
				5C11ECB828EEF16000CCDE6A /* ProfileView.swift */,
				5C11ECBA28EEF24700CCDE6A /* ActivityView.swift */,
				5C11ECBC28EEF30600CCDE6A /* SearchView.swift */,
				5CD10A3C28F75B7A0001CFC2 /* ProductPageView.swift */,
				5CD10A3E28F760520001CFC2 /* CheckInPage.swift */,
			);
			path = Screens;
			sourceTree = "<group>";
		};
		5CFB562D28F5969300F13A1E /* Components */ = {
			isa = PBXGroup;
			children = (
				5CFB562E28F596A200F13A1E /* ChipView.swift */,
				5CFB563228F597ED00F13A1E /* RatingView.swift */,
				5CD10A3828F6A1CA0001CFC2 /* AvatarView.swift */,
				5CD10A3A28F6A1FE0001CFC2 /* CheckInCardView.swift */,
				5CD10A4028F80B4F0001CFC2 /* CollapsibleView.swift */,
				5CD10A4228F82E000001CFC2 /* InfiniteScroll.swift */,
				5CD10A4628F9522D0001CFC2 /* RatingPicker.swift */,
				5CD10A4828F956AC0001CFC2 /* ProductCardView.swift */,
				5CB1C24028F99E1C000B0EB4 /* ProductListItemView.swift */,
				5CB1C24228F99E4C000B0EB4 /* ReactionsView.swift */,
			);
			path = Components;
			sourceTree = "<group>";
		};
		5CFEE56A28ED69B100A8DD66 = {
			isa = PBXGroup;
			children = (
				5C11ECC128EF768A00CCDE6A /* .xcconfig.xcconfig */,
				5CFEE57528ED69B100A8DD66 /* tastey */,
				5CFEE57428ED69B100A8DD66 /* Products */,
				5C08B6DE28ED7956009218D7 /* Frameworks */,
			);
			sourceTree = "<group>";
		};
		5CFEE57428ED69B100A8DD66 /* Products */ = {
			isa = PBXGroup;
			children = (
				5CFEE57328ED69B100A8DD66 /* tastey.app */,
			);
			name = Products;
			sourceTree = "<group>";
		};
		5CFEE57528ED69B100A8DD66 /* tastey */ = {
			isa = PBXGroup;
			children = (
				5CD10A5D28F99CDF0001CFC2 /* UI */,
				5CD10A5A28F9988C0001CFC2 /* Repositories */,
				5CCE914C28F45DD7005A6043 /* Helpers */,
				5C11ECBE28EF433700CCDE6A /* Models */,
				5CFEE57628ED69B100A8DD66 /* Main.swift */,
				5CFEE57A28ED69B200A8DD66 /* Assets.xcassets */,
				5CFEE57C28ED69B200A8DD66 /* Preview Content */,
			);
			path = tastey;
			sourceTree = "<group>";
		};
		5CFEE57C28ED69B200A8DD66 /* Preview Content */ = {
			isa = PBXGroup;
			children = (
				5CFEE57D28ED69B200A8DD66 /* Preview Assets.xcassets */,
			);
			path = "Preview Content";
			sourceTree = "<group>";
		};
/* End PBXGroup section */

/* Begin PBXNativeTarget section */
		5CFEE57228ED69B100A8DD66 /* tastey */ = {
			isa = PBXNativeTarget;
			buildConfigurationList = 5CFEE58128ED69B200A8DD66 /* Build configuration list for PBXNativeTarget "tastey" */;
			buildPhases = (
				5CFEE56F28ED69B100A8DD66 /* Sources */,
				5CFEE57028ED69B100A8DD66 /* Frameworks */,
				5CFEE57128ED69B100A8DD66 /* Resources */,
			);
			buildRules = (
			);
			dependencies = (
			);
			name = tastey;
			packageProductDependencies = (
				5C08B6DF28ED7956009218D7 /* Supabase */,
				5CFB563528F5A76600F13A1E /* CachedAsyncImage */,
			);
			productName = tasted;
			productReference = 5CFEE57328ED69B100A8DD66 /* tastey.app */;
			productType = "com.apple.product-type.application";
		};
/* End PBXNativeTarget section */

/* Begin PBXProject section */
		5CFEE56B28ED69B100A8DD66 /* Project object */ = {
			isa = PBXProject;
			attributes = {
				BuildIndependentTargetsInParallel = 1;
				LastSwiftUpdateCheck = 1400;
				LastUpgradeCheck = 1410;
				TargetAttributes = {
					5CFEE57228ED69B100A8DD66 = {
						CreatedOnToolsVersion = 14.0;
					};
				};
			};
			buildConfigurationList = 5CFEE56E28ED69B100A8DD66 /* Build configuration list for PBXProject "tastey" */;
			compatibilityVersion = "Xcode 14.0";
			developmentRegion = en;
			hasScannedForEncodings = 0;
			knownRegions = (
				en,
				Base,
			);
			mainGroup = 5CFEE56A28ED69B100A8DD66;
			packageReferences = (
				5CFEE58628ED6BAD00A8DD66 /* XCRemoteSwiftPackageReference "supabase-swift" */,
				5CFB563428F5A76600F13A1E /* XCRemoteSwiftPackageReference "swiftui-cached-async-image" */,
			);
			productRefGroup = 5CFEE57428ED69B100A8DD66 /* Products */;
			projectDirPath = "";
			projectRoot = "";
			targets = (
				5CFEE57228ED69B100A8DD66 /* tastey */,
			);
		};
/* End PBXProject section */

/* Begin PBXResourcesBuildPhase section */
		5CFEE57128ED69B100A8DD66 /* Resources */ = {
			isa = PBXResourcesBuildPhase;
			buildActionMask = 2147483647;
			files = (
				5CFEE57E28ED69B200A8DD66 /* Preview Assets.xcassets in Resources */,
				5CFEE57B28ED69B200A8DD66 /* Assets.xcassets in Resources */,
			);
			runOnlyForDeploymentPostprocessing = 0;
		};
/* End PBXResourcesBuildPhase section */

/* Begin PBXSourcesBuildPhase section */
		5CFEE56F28ED69B100A8DD66 /* Sources */ = {
			isa = PBXSourcesBuildPhase;
			buildActionMask = 2147483647;
			files = (
				5C11ECBB28EEF24700CCDE6A /* ActivityView.swift in Sources */,
				5CD10A4128F80B4F0001CFC2 /* CollapsibleView.swift in Sources */,
				5CFEE57928ED69B100A8DD66 /* RootView.swift in Sources */,
				5CFB563328F597ED00F13A1E /* RatingView.swift in Sources */,
				5CD10A4328F82E000001CFC2 /* InfiniteScroll.swift in Sources */,
				5CD10A5728F98D490001CFC2 /* Product.swift in Sources */,
				5CD10A5328F98CFC0001CFC2 /* Brand.swift in Sources */,
				5CB1C24728F9B551000B0EB4 /* CheckInCommentRepository.swift in Sources */,
				5CD10A4D28F985D00001CFC2 /* CheckIn.swift in Sources */,
				5CB1C24128F99E1C000B0EB4 /* ProductListItemView.swift in Sources */,
				5CB1C24528F9AF80000B0EB4 /* CheckInRepository.swift in Sources */,
				5CFEE57728ED69B100A8DD66 /* Main.swift in Sources */,
				5CB1C24B28F9BE4F000B0EB4 /* ProductRepository.swift in Sources */,
				5CCE914E28F45DE7005A6043 /* Utils.swift in Sources */,
				5CD10A3D28F75B7A0001CFC2 /* ProductPageView.swift in Sources */,
				5C11ECC028EF434700CCDE6A /* Profile.swift in Sources */,
				5CD10A4B28F980860001CFC2 /* CheckInComment.swift in Sources */,
				5C11ECB928EEF16000CCDE6A /* ProfileView.swift in Sources */,
				5CD10A5C28F998BF0001CFC2 /* ProfileRepository.swift in Sources */,
				5C11ECBD28EEF30600CCDE6A /* SearchView.swift in Sources */,
				5C11ECB328EEEDEF00CCDE6A /* FriendsView.swift in Sources */,
				5CB1C24928F9BBAA000B0EB4 /* CheckInReactionRepository.swift in Sources */,
				5C11ECB628EEEFB300CCDE6A /* SettingsView.swift in Sources */,
				5CD10A4728F9522D0001CFC2 /* RatingPicker.swift in Sources */,
				5C7DC2B728F9F2D600AED6F1 /* FriendsRepository.swift in Sources */,
				5CD10A5928F98D8A0001CFC2 /* CheckInReaction.swift in Sources */,
				5CD10A3928F6A1CA0001CFC2 /* AvatarView.swift in Sources */,
				5C25349A28EDA68400A78780 /* CompanyView.swift in Sources */,
				5CD10A3F28F760520001CFC2 /* CheckInPage.swift in Sources */,
				5CD10A4528F952030001CFC2 /* AddCheckInView.swift in Sources */,
				5CB1C24F28F9C52E000B0EB4 /* CompanyRepository.swift in Sources */,
				5C08B6E228ED7B05009218D7 /* Company.swift in Sources */,
				5C11ECAF28EECC8500CCDE6A /* AuthView.swift in Sources */,
				5CB1C24328F99E4C000B0EB4 /* ReactionsView.swift in Sources */,
				5CD10A3B28F6A1FE0001CFC2 /* CheckInCardView.swift in Sources */,
				5CFB563128F5974100F13A1E /* ProfileSummary.swift in Sources */,
				5CD10A5528F98D220001CFC2 /* SubBrand.swift in Sources */,
				5CD10A4F28F98C0B0001CFC2 /* Category.swift in Sources */,
				5CD10A5128F98C8C0001CFC2 /* Subcategory.swift in Sources */,
				5CFB562F28F596A200F13A1E /* ChipView.swift in Sources */,
				5CB1C24D28F9C087000B0EB4 /* AuthRepository.swift in Sources */,
				5CD10A4928F956AC0001CFC2 /* ProductCardView.swift in Sources */,
				5C25349628EDA58700A78780 /* Supabase.swift in Sources */,
				5C7DC2B928FA07CF00AED6F1 /* Friend.swift in Sources */,
			);
			runOnlyForDeploymentPostprocessing = 0;
		};
/* End PBXSourcesBuildPhase section */

/* Begin XCBuildConfiguration section */
		5CFEE57F28ED69B200A8DD66 /* Debug */ = {
			isa = XCBuildConfiguration;
			buildSettings = {
				ALWAYS_SEARCH_USER_PATHS = NO;
				CLANG_ANALYZER_NONNULL = YES;
				CLANG_ANALYZER_NUMBER_OBJECT_CONVERSION = YES_AGGRESSIVE;
				CLANG_CXX_LANGUAGE_STANDARD = "gnu++17";
				CLANG_ENABLE_MODULES = YES;
				CLANG_ENABLE_OBJC_ARC = YES;
				CLANG_ENABLE_OBJC_WEAK = YES;
				CLANG_WARN_BLOCK_CAPTURE_AUTORELEASING = YES;
				CLANG_WARN_BOOL_CONVERSION = YES;
				CLANG_WARN_COMMA = YES;
				CLANG_WARN_CONSTANT_CONVERSION = YES;
				CLANG_WARN_DEPRECATED_OBJC_IMPLEMENTATIONS = YES;
				CLANG_WARN_DIRECT_OBJC_ISA_USAGE = YES_ERROR;
				CLANG_WARN_DOCUMENTATION_COMMENTS = YES;
				CLANG_WARN_EMPTY_BODY = YES;
				CLANG_WARN_ENUM_CONVERSION = YES;
				CLANG_WARN_INFINITE_RECURSION = YES;
				CLANG_WARN_INT_CONVERSION = YES;
				CLANG_WARN_NON_LITERAL_NULL_CONVERSION = YES;
				CLANG_WARN_OBJC_IMPLICIT_RETAIN_SELF = YES;
				CLANG_WARN_OBJC_LITERAL_CONVERSION = YES;
				CLANG_WARN_OBJC_ROOT_CLASS = YES_ERROR;
				CLANG_WARN_QUOTED_INCLUDE_IN_FRAMEWORK_HEADER = YES;
				CLANG_WARN_RANGE_LOOP_ANALYSIS = YES;
				CLANG_WARN_STRICT_PROTOTYPES = YES;
				CLANG_WARN_SUSPICIOUS_MOVE = YES;
				CLANG_WARN_UNGUARDED_AVAILABILITY = YES_AGGRESSIVE;
				CLANG_WARN_UNREACHABLE_CODE = YES;
				CLANG_WARN__DUPLICATE_METHOD_MATCH = YES;
				COPY_PHASE_STRIP = NO;
				DEBUG_INFORMATION_FORMAT = dwarf;
				ENABLE_STRICT_OBJC_MSGSEND = YES;
				ENABLE_TESTABILITY = YES;
				GCC_C_LANGUAGE_STANDARD = gnu11;
				GCC_DYNAMIC_NO_PIC = NO;
				GCC_NO_COMMON_BLOCKS = YES;
				GCC_OPTIMIZATION_LEVEL = 0;
				GCC_PREPROCESSOR_DEFINITIONS = (
					"DEBUG=1",
					"$(inherited)",
				);
				GCC_WARN_64_TO_32_BIT_CONVERSION = YES;
				GCC_WARN_ABOUT_RETURN_TYPE = YES_ERROR;
				GCC_WARN_UNDECLARED_SELECTOR = YES;
				GCC_WARN_UNINITIALIZED_AUTOS = YES_AGGRESSIVE;
				GCC_WARN_UNUSED_FUNCTION = YES;
				GCC_WARN_UNUSED_VARIABLE = YES;
				IPHONEOS_DEPLOYMENT_TARGET = 16.0;
				MTL_ENABLE_DEBUG_INFO = INCLUDE_SOURCE;
				MTL_FAST_MATH = YES;
				ONLY_ACTIVE_ARCH = YES;
				SDKROOT = iphoneos;
				SWIFT_ACTIVE_COMPILATION_CONDITIONS = DEBUG;
				SWIFT_OPTIMIZATION_LEVEL = "-Onone";
			};
			name = Debug;
		};
		5CFEE58028ED69B200A8DD66 /* Release */ = {
			isa = XCBuildConfiguration;
			buildSettings = {
				ALWAYS_SEARCH_USER_PATHS = NO;
				CLANG_ANALYZER_NONNULL = YES;
				CLANG_ANALYZER_NUMBER_OBJECT_CONVERSION = YES_AGGRESSIVE;
				CLANG_CXX_LANGUAGE_STANDARD = "gnu++17";
				CLANG_ENABLE_MODULES = YES;
				CLANG_ENABLE_OBJC_ARC = YES;
				CLANG_ENABLE_OBJC_WEAK = YES;
				CLANG_WARN_BLOCK_CAPTURE_AUTORELEASING = YES;
				CLANG_WARN_BOOL_CONVERSION = YES;
				CLANG_WARN_COMMA = YES;
				CLANG_WARN_CONSTANT_CONVERSION = YES;
				CLANG_WARN_DEPRECATED_OBJC_IMPLEMENTATIONS = YES;
				CLANG_WARN_DIRECT_OBJC_ISA_USAGE = YES_ERROR;
				CLANG_WARN_DOCUMENTATION_COMMENTS = YES;
				CLANG_WARN_EMPTY_BODY = YES;
				CLANG_WARN_ENUM_CONVERSION = YES;
				CLANG_WARN_INFINITE_RECURSION = YES;
				CLANG_WARN_INT_CONVERSION = YES;
				CLANG_WARN_NON_LITERAL_NULL_CONVERSION = YES;
				CLANG_WARN_OBJC_IMPLICIT_RETAIN_SELF = YES;
				CLANG_WARN_OBJC_LITERAL_CONVERSION = YES;
				CLANG_WARN_OBJC_ROOT_CLASS = YES_ERROR;
				CLANG_WARN_QUOTED_INCLUDE_IN_FRAMEWORK_HEADER = YES;
				CLANG_WARN_RANGE_LOOP_ANALYSIS = YES;
				CLANG_WARN_STRICT_PROTOTYPES = YES;
				CLANG_WARN_SUSPICIOUS_MOVE = YES;
				CLANG_WARN_UNGUARDED_AVAILABILITY = YES_AGGRESSIVE;
				CLANG_WARN_UNREACHABLE_CODE = YES;
				CLANG_WARN__DUPLICATE_METHOD_MATCH = YES;
				COPY_PHASE_STRIP = NO;
				DEBUG_INFORMATION_FORMAT = "dwarf-with-dsym";
				ENABLE_NS_ASSERTIONS = NO;
				ENABLE_STRICT_OBJC_MSGSEND = YES;
				GCC_C_LANGUAGE_STANDARD = gnu11;
				GCC_NO_COMMON_BLOCKS = YES;
				GCC_WARN_64_TO_32_BIT_CONVERSION = YES;
				GCC_WARN_ABOUT_RETURN_TYPE = YES_ERROR;
				GCC_WARN_UNDECLARED_SELECTOR = YES;
				GCC_WARN_UNINITIALIZED_AUTOS = YES_AGGRESSIVE;
				GCC_WARN_UNUSED_FUNCTION = YES;
				GCC_WARN_UNUSED_VARIABLE = YES;
				IPHONEOS_DEPLOYMENT_TARGET = 16.0;
				MTL_ENABLE_DEBUG_INFO = NO;
				MTL_FAST_MATH = YES;
				SDKROOT = iphoneos;
				SWIFT_COMPILATION_MODE = wholemodule;
				SWIFT_OPTIMIZATION_LEVEL = "-O";
				VALIDATE_PRODUCT = YES;
			};
			name = Release;
		};
		5CFEE58228ED69B200A8DD66 /* Debug */ = {
			isa = XCBuildConfiguration;
			buildSettings = {
				ASSETCATALOG_COMPILER_APPICON_NAME = AppIcon;
				ASSETCATALOG_COMPILER_GLOBAL_ACCENT_COLOR_NAME = AccentColor;
				CODE_SIGN_STYLE = Automatic;
				CURRENT_PROJECT_VERSION = 1;
				DEVELOPMENT_ASSET_PATHS = "\"tastey/Preview Content\"";
				DEVELOPMENT_TEAM = J9S7QG9SVR;
				ENABLE_PREVIEWS = YES;
				GENERATE_INFOPLIST_FILE = YES;
				INFOPLIST_KEY_CFBundleDisplayName = tasted;
				INFOPLIST_KEY_LSApplicationCategoryType = "public.app-category.food-and-drink";
				INFOPLIST_KEY_UIApplicationSceneManifest_Generation = YES;
				INFOPLIST_KEY_UIApplicationSupportsIndirectInputEvents = YES;
				INFOPLIST_KEY_UILaunchScreen_Generation = YES;
				INFOPLIST_KEY_UISupportedInterfaceOrientations_iPad = "UIInterfaceOrientationPortrait UIInterfaceOrientationPortraitUpsideDown UIInterfaceOrientationLandscapeLeft UIInterfaceOrientationLandscapeRight";
				INFOPLIST_KEY_UISupportedInterfaceOrientations_iPhone = "UIInterfaceOrientationPortrait UIInterfaceOrientationLandscapeLeft UIInterfaceOrientationLandscapeRight";
				LD_RUNPATH_SEARCH_PATHS = (
					"$(inherited)",
					"@executable_path/Frameworks",
				);
				MARKETING_VERSION = 1.0;
				PRODUCT_BUNDLE_IDENTIFIER = villeheikkila.tasted;
				PRODUCT_NAME = "$(TARGET_NAME)";
				SWIFT_EMIT_LOC_STRINGS = YES;
				SWIFT_VERSION = 5.0;
				TARGETED_DEVICE_FAMILY = "1,2";
			};
			name = Debug;
		};
		5CFEE58328ED69B200A8DD66 /* Release */ = {
			isa = XCBuildConfiguration;
			buildSettings = {
				ASSETCATALOG_COMPILER_APPICON_NAME = AppIcon;
				ASSETCATALOG_COMPILER_GLOBAL_ACCENT_COLOR_NAME = AccentColor;
				CODE_SIGN_STYLE = Automatic;
				CURRENT_PROJECT_VERSION = 1;
				DEVELOPMENT_ASSET_PATHS = "\"tastey/Preview Content\"";
				DEVELOPMENT_TEAM = J9S7QG9SVR;
				ENABLE_PREVIEWS = YES;
				GENERATE_INFOPLIST_FILE = YES;
				INFOPLIST_KEY_CFBundleDisplayName = tasted;
				INFOPLIST_KEY_LSApplicationCategoryType = "public.app-category.food-and-drink";
				INFOPLIST_KEY_UIApplicationSceneManifest_Generation = YES;
				INFOPLIST_KEY_UIApplicationSupportsIndirectInputEvents = YES;
				INFOPLIST_KEY_UILaunchScreen_Generation = YES;
				INFOPLIST_KEY_UISupportedInterfaceOrientations_iPad = "UIInterfaceOrientationPortrait UIInterfaceOrientationPortraitUpsideDown UIInterfaceOrientationLandscapeLeft UIInterfaceOrientationLandscapeRight";
				INFOPLIST_KEY_UISupportedInterfaceOrientations_iPhone = "UIInterfaceOrientationPortrait UIInterfaceOrientationLandscapeLeft UIInterfaceOrientationLandscapeRight";
				LD_RUNPATH_SEARCH_PATHS = (
					"$(inherited)",
					"@executable_path/Frameworks",
				);
				MARKETING_VERSION = 1.0;
				PRODUCT_BUNDLE_IDENTIFIER = villeheikkila.tasted;
				PRODUCT_NAME = "$(TARGET_NAME)";
				SWIFT_EMIT_LOC_STRINGS = YES;
				SWIFT_VERSION = 5.0;
				TARGETED_DEVICE_FAMILY = "1,2";
			};
			name = Release;
		};
/* End XCBuildConfiguration section */

/* Begin XCConfigurationList section */
		5CFEE56E28ED69B100A8DD66 /* Build configuration list for PBXProject "tastey" */ = {
			isa = XCConfigurationList;
			buildConfigurations = (
				5CFEE57F28ED69B200A8DD66 /* Debug */,
				5CFEE58028ED69B200A8DD66 /* Release */,
			);
			defaultConfigurationIsVisible = 0;
			defaultConfigurationName = Release;
		};
		5CFEE58128ED69B200A8DD66 /* Build configuration list for PBXNativeTarget "tastey" */ = {
			isa = XCConfigurationList;
			buildConfigurations = (
				5CFEE58228ED69B200A8DD66 /* Debug */,
				5CFEE58328ED69B200A8DD66 /* Release */,
			);
			defaultConfigurationIsVisible = 0;
			defaultConfigurationName = Release;
		};
/* End XCConfigurationList section */

/* Begin XCRemoteSwiftPackageReference section */
		5CFB563428F5A76600F13A1E /* XCRemoteSwiftPackageReference "swiftui-cached-async-image" */ = {
			isa = XCRemoteSwiftPackageReference;
			repositoryURL = "https://github.com/lorenzofiamingo/swiftui-cached-async-image";
			requirement = {
				kind = upToNextMajorVersion;
				minimumVersion = 2.0.0;
			};
		};
		5CFEE58628ED6BAD00A8DD66 /* XCRemoteSwiftPackageReference "supabase-swift" */ = {
			isa = XCRemoteSwiftPackageReference;
			repositoryURL = "https://github.com/supabase-community/supabase-swift";
			requirement = {
				kind = upToNextMajorVersion;
				minimumVersion = 0.0.9;
			};
		};
/* End XCRemoteSwiftPackageReference section */

/* Begin XCSwiftPackageProductDependency section */
		5C08B6DF28ED7956009218D7 /* Supabase */ = {
			isa = XCSwiftPackageProductDependency;
			package = 5CFEE58628ED6BAD00A8DD66 /* XCRemoteSwiftPackageReference "supabase-swift" */;
			productName = Supabase;
		};
		5CFB563528F5A76600F13A1E /* CachedAsyncImage */ = {
			isa = XCSwiftPackageProductDependency;
			package = 5CFB563428F5A76600F13A1E /* XCRemoteSwiftPackageReference "swiftui-cached-async-image" */;
			productName = CachedAsyncImage;
		};
/* End XCSwiftPackageProductDependency section */
	};
	rootObject = 5CFEE56B28ED69B100A8DD66 /* Project object */;
}
