// !$*UTF8*$!
{
	archiveVersion = 1;
	classes = {
	};
	objectVersion = 71;
	objects = {

/* Begin PBXBuildFile section */
		5C4742F12C96306500B6DB62 /* BarcodeToolsKit in Frameworks */ = {isa = PBXBuildFile; productRef = 5C4742F02C96306500B6DB62 /* BarcodeToolsKit */; };
		5C625F552CC8319300F0232E /* Logging in Frameworks */ = {isa = PBXBuildFile; productRef = 5C625F542CC8319300F0232E /* Logging */; };
		5C885F002B2873A900F17C78 /* Models in Frameworks */ = {isa = PBXBuildFile; productRef = 5C885EFF2B2873A900F17C78 /* Models */; };
		5C885F032B2873B400F17C78 /* Extensions in Frameworks */ = {isa = PBXBuildFile; productRef = 5C885F022B2873B400F17C78 /* Extensions */; };
		5C885F062B2873C300F17C78 /* Repositories in Frameworks */ = {isa = PBXBuildFile; productRef = 5C885F052B2873C300F17C78 /* Repositories */; };
		5C885F0F2B2873EC00F17C78 /* Components in Frameworks */ = {isa = PBXBuildFile; productRef = 5C885F0E2B2873EC00F17C78 /* Components */; };
/* End PBXBuildFile section */

/* Begin PBXCopyFilesBuildPhase section */
		C9C213322AD1EDB500C60282 /* Embed Frameworks (0 items) */ = {
			isa = PBXCopyFilesBuildPhase;
			buildActionMask = 2147483647;
			dstPath = "";
			dstSubfolderSpec = 10;
			files = (
			);
			name = "Embed Frameworks (0 items)";
			runOnlyForDeploymentPostprocessing = 0;
		};
		C9C213492AD2E43E00C60282 /* Embed Foundation Extensions */ = {
			isa = PBXCopyFilesBuildPhase;
			buildActionMask = 2147483647;
			dstPath = "";
			dstSubfolderSpec = 13;
			files = (
			);
			name = "Embed Foundation Extensions";
			runOnlyForDeploymentPostprocessing = 0;
		};
/* End PBXCopyFilesBuildPhase section */

/* Begin PBXFileReference section */
		5C0811922C7D0E42006C2873 /* .editorconfig */ = {isa = PBXFileReference; lastKnownFileType = text; path = .editorconfig; sourceTree = "<group>"; };
		C94722D52AD1859C006DE096 /* TastybytesDEV.app */ = {isa = PBXFileReference; explicitFileType = wrapper.application; includeInIndex = 0; path = TastybytesDEV.app; sourceTree = BUILT_PRODUCTS_DIR; };
/* End PBXFileReference section */

/* Begin PBXFileSystemSynchronizedBuildFileExceptionSet section */
		5C410FE32C751D650086C146 /* PBXFileSystemSynchronizedBuildFileExceptionSet */ = {
			isa = PBXFileSystemSynchronizedBuildFileExceptionSet;
			membershipExceptions = (
				PrivacyInfo.xcprivacy,
			);
			target = C94722D42AD1859C006DE096 /* Tastybytes */;
		};
		5C410FF12C751D850086C146 /* PBXFileSystemSynchronizedBuildFileExceptionSet */ = {
			isa = PBXFileSystemSynchronizedBuildFileExceptionSet;
			membershipExceptions = (
				"Preview Content/Preview Assets.xcassets",
			);
			target = C94722D42AD1859C006DE096 /* Tastybytes */;
		};
		5C74710B2C751B76002F842E /* PBXFileSystemSynchronizedBuildFileExceptionSet */ = {
			isa = PBXFileSystemSynchronizedBuildFileExceptionSet;
			platformFiltersByRelativePath = {
				Core/AppDelegate.swift = (
					ios,
					maccatalyst,
					tvos,
					xros,
				);
				Core/Router/PathIdentifier.swift = (
					ios,
					maccatalyst,
					tvos,
					xros,
				);
				Core/Router/QuickAction.swift = (
					ios,
					maccatalyst,
					tvos,
					xros,
				);
				Core/Router/Router.swift = (
					ios,
					maccatalyst,
					tvos,
					xros,
				);
				Core/Router/RouterLink.swift = (
					ios,
					maccatalyst,
					tvos,
					xros,
				);
				Core/Router/RouterProvider.swift = (
					ios,
					maccatalyst,
					tvos,
					xros,
				);
				Core/Router/Screens/ErrorScreen.swift = (
					ios,
					maccatalyst,
					tvos,
					xros,
				);
				Core/Router/Screens/Screen.swift = (
					ios,
					maccatalyst,
					tvos,
					xros,
				);
				Core/Router/Sheets/Sheet.swift = (
					ios,
					maccatalyst,
					tvos,
					xros,
				);
				"Core/Router/Sheets/View+InjectSheets.swift" = (
					ios,
					maccatalyst,
					tvos,
					xros,
				);
				Core/Router/TabIdentifier.swift = (
					ios,
					maccatalyst,
					tvos,
					xros,
				);
				Core/Router/Toasts/ToastView.swift = (
					ios,
					maccatalyst,
					tvos,
					xros,
				);
				"Core/Router/Toasts/View+InjectToasts.swift" = (
					ios,
					maccatalyst,
					tvos,
					xros,
				);
				Core/Tabs/Tabs.swift = (
					ios,
					maccatalyst,
					tvos,
					xros,
				);
				Core/Tabs/TabsView.swift = (
					ios,
					maccatalyst,
					tvos,
					xros,
				);
				Features/About/AboutScreen.swift = (
					ios,
					maccatalyst,
					tvos,
					xros,
				);
				Features/ActivityFeed/ActivityScreen.swift = (
					ios,
					maccatalyst,
					tvos,
					xros,
				);
				Features/Admin/AdminScreen.swift = (
					ios,
					maccatalyst,
					tvos,
					xros,
				);
				Features/Admin/DuplicataProduct/DuplicataProductScreen.swift = (
					ios,
					maccatalyst,
					tvos,
					xros,
				);
				Features/Barcode/BarcodeManagement/BarcodeManagementRowView.swift = (
					ios,
					maccatalyst,
					tvos,
					xros,
				);
				Features/Barcode/BarcodeManagement/BarcodeManagementScreen.swift = (
					ios,
					maccatalyst,
					tvos,
					xros,
				);
				Features/Barcode/BarcodeScanner/BarcodeScannerSheet.swift = (
					ios,
					maccatalyst,
					tvos,
					xros,
				);
				Features/Brand/BrandAdmin/BrandAdminSheet.swift = (
					ios,
					maccatalyst,
					tvos,
					xros,
				);
				Features/Brand/BrandLogoView.swift = (
					ios,
					maccatalyst,
					tvos,
					xros,
				);
				Features/Brand/BrandShareLinkView.swift = (
					ios,
					maccatalyst,
					tvos,
					xros,
				);
				Features/Brand/Screen/BrandScreen.swift = (
					ios,
					maccatalyst,
					tvos,
					xros,
				);
				Features/Brand/Screen/BrandScreenProductRowView.swift = (
					ios,
					maccatalyst,
					tvos,
					xros,
				);
				Features/Brand/Sheet/BrandPickerSheet.swift = (
					ios,
					maccatalyst,
					tvos,
					xros,
				);
				Features/Brand/Sheet/BrandSheetRow.swift = (
					ios,
					maccatalyst,
					tvos,
					xros,
				);
				Features/Brand/SubBrand/SubBrandPickerSheet.swift = (
					ios,
					maccatalyst,
					tvos,
					xros,
				);
				Features/Brand/SubBrand/SubBrandSheetRow.swift = (
					ios,
					maccatalyst,
					tvos,
					xros,
				);
				Features/Brand/SubBrandAdmin/SubBrandAdminSheet.swift = (
					ios,
					maccatalyst,
					tvos,
					xros,
				);
				Features/Category/Admin/CategoriesAdminScreen.swift = (
					ios,
					maccatalyst,
					tvos,
					xros,
				);
				Features/Category/Admin/CategoryCreationSheet.swift = (
					ios,
					maccatalyst,
					tvos,
					xros,
				);
				Features/Category/Admin/SubcategoryAdminSheet.swift = (
					ios,
					maccatalyst,
					tvos,
					xros,
				);
				Features/Category/Admin/SubcategoryCreationSheet.swift = (
					ios,
					maccatalyst,
					tvos,
					xros,
				);
				Features/CheckIn/CheckInList/CheckInList.swift = (
					ios,
					maccatalyst,
					tvos,
					xros,
				);
				Features/CheckIn/CheckInList/CheckInListCardView.swift = (
					ios,
					maccatalyst,
					tvos,
					xros,
				);
				Features/CheckIn/CheckInList/CheckInListContentView.swift = (
					ios,
					maccatalyst,
					tvos,
					xros,
				);
				Features/CheckIn/CheckInScreen/CheckInCardSheet.swift = (
					ios,
					maccatalyst,
					tvos,
					xros,
				);
				Features/CheckIn/CheckInScreen/CheckInCommentRow.swift = (
					ios,
					maccatalyst,
					tvos,
					xros,
				);
				Features/CheckIn/CheckInScreen/CheckInCommentView.swift = (
					ios,
					maccatalyst,
					tvos,
					xros,
				);
				Features/CheckIn/CheckInScreen/CheckInLeaveComment.swift = (
					ios,
					maccatalyst,
					tvos,
					xros,
				);
				Features/CheckIn/CheckInScreen/CheckInScreen.swift = (
					ios,
					maccatalyst,
					tvos,
					xros,
				);
				Features/CheckIn/CheckInShareLinkView.swift = (
					ios,
					maccatalyst,
					tvos,
					xros,
				);
				Features/CheckIn/CheckInView/CheckInCheckInSectionView.swift = (
					ios,
					maccatalyst,
					tvos,
					xros,
				);
				Features/CheckIn/CheckInView/CheckInFooterView.swift = (
					ios,
					maccatalyst,
					tvos,
					xros,
				);
				Features/CheckIn/CheckInView/CheckInHeaderView.swift = (
					ios,
					maccatalyst,
					tvos,
					xros,
				);
				Features/CheckIn/CheckInView/CheckInImageReelView.swift = (
					ios,
					maccatalyst,
					tvos,
					xros,
				);
				Features/CheckIn/CheckInView/CheckInTaggedFriendsView.swift = (
					ios,
					maccatalyst,
					tvos,
					xros,
				);
				Features/CheckIn/CheckInView/CheckInView.swift = (
					ios,
					maccatalyst,
					tvos,
					xros,
				);
				Features/CheckIn/CheckInView/ReactionsView.swift = (
					ios,
					maccatalyst,
					tvos,
					xros,
				);
				Features/CheckIn/Helpers/Localization.swift = (
					ios,
					maccatalyst,
					tvos,
					xros,
				);
				Features/CheckIn/Sheet/CheckInDatePickerSheet.swift = (
					ios,
					maccatalyst,
					tvos,
					xros,
				);
				Features/CheckIn/Sheet/CheckInImageSheet.swift = (
					ios,
					maccatalyst,
					tvos,
					xros,
				);
				Features/CheckIn/Sheet/CheckInSheet.swift = (
					ios,
					maccatalyst,
					tvos,
					xros,
				);
				Features/Company/Admin/CompanyAdminSheet.swift = (
					ios,
					maccatalyst,
					tvos,
					xros,
				);
				Features/Company/CompanyShareLinkView.swift = (
					ios,
					maccatalyst,
					tvos,
					xros,
				);
				Features/Company/Screen/CompanyBrandRowView.swift = (
					ios,
					maccatalyst,
					tvos,
					xros,
				);
				Features/Company/Screen/CompanyScreen.swift = (
					ios,
					maccatalyst,
					tvos,
					xros,
				);
				Features/Company/SearchSheet/CompanyPickerSheet.swift = (
					ios,
					maccatalyst,
					tvos,
					xros,
				);
				Features/Company/Shared/CompanyLogo.swift = (
					ios,
					maccatalyst,
					tvos,
					xros,
				);
				Features/Company/Shared/CompanyRow.swift = (
					ios,
					maccatalyst,
					tvos,
					xros,
				);
				"Features/Discover/DIscoverScreen+Extension.swift" = (
					ios,
					maccatalyst,
					tvos,
					xros,
				);
				Features/Discover/DiscoverCompanyResults.swift = (
					ios,
					maccatalyst,
					tvos,
					xros,
				);
				Features/Discover/DiscoverLocationResults.swift = (
					ios,
					maccatalyst,
					tvos,
					xros,
				);
				Features/Discover/DiscoverProfileResults.swift = (
					ios,
					maccatalyst,
					tvos,
					xros,
				);
				Features/Discover/DiscoverScreen.swift = (
					ios,
					maccatalyst,
					tvos,
					xros,
				);
				Features/Discover/Products/DiscoverProductAddNew.swift = (
					ios,
					maccatalyst,
					tvos,
					xros,
				);
				Features/Discover/Products/DiscoverProductAssignBarcode.swift = (
					ios,
					maccatalyst,
					tvos,
					xros,
				);
				Features/Discover/Products/DiscoverProductLinks.swift = (
					ios,
					maccatalyst,
					tvos,
					xros,
				);
				Features/Discover/Products/DiscoverProductResults.swift = (
					ios,
					maccatalyst,
					tvos,
					xros,
				);
				Features/Discover/Products/DiscoverProductRow.swift = (
					ios,
					maccatalyst,
					tvos,
					xros,
				);
				Features/Flavor/Admin/FlavorsAdminScreen.swift = (
					ios,
					maccatalyst,
					tvos,
					xros,
				);
				Features/Flavor/Admin/NewFlavorSheet.swift = (
					ios,
					maccatalyst,
					tvos,
					xros,
				);
				Features/Flavor/FlavorSheet.swift = (
					ios,
					maccatalyst,
					tvos,
					xros,
				);
				Features/Friends/Screen/CurrentUserFriendsScreen.swift = (
					ios,
					maccatalyst,
					tvos,
					xros,
				);
				Features/Friends/Screen/FriendListItemView.swift = (
					ios,
					maccatalyst,
					tvos,
					xros,
				);
				Features/Friends/Screen/FriendsScreen.swift = (
					ios,
					maccatalyst,
					tvos,
					xros,
				);
				Features/Friends/Screen/NameTagTip.swift = (
					ios,
					maccatalyst,
					tvos,
					xros,
				);
				Features/Friends/Sheet/FriendSheet.swift = (
					ios,
					maccatalyst,
					tvos,
					xros,
				);
				Features/Image/ImageShareLinkView.swift = (
					ios,
					maccatalyst,
					tvos,
					xros,
				);
				Features/Image/SaveToPhotoGalleryButtonView.swift = (
					ios,
					maccatalyst,
					tvos,
					xros,
				);
				Features/Location/Components/MapThumbnail.swift = (
					ios,
					maccatalyst,
					tvos,
					xros,
				);
				Features/Location/LocationScreen.swift = (
					ios,
					maccatalyst,
					tvos,
					xros,
				);
				Features/Location/LocationSearch/CheckInLocationSearchSheet.swift = (
					ios,
					maccatalyst,
					tvos,
					xros,
				);
				Features/Location/LocationShareLinkView.swift = (
					ios,
					maccatalyst,
					tvos,
					xros,
				);
				Features/Location/MergeLocationSheet.swift = (
					ios,
					maccatalyst,
					tvos,
					xros,
				);
				Features/Notification/Components/NotificationFromUserWrapper.swift = (
					ios,
					maccatalyst,
					tvos,
					xros,
				);
				Features/Notification/NotificationRows/CheckInCommentNotificationView.swift = (
					ios,
					maccatalyst,
					tvos,
					xros,
				);
				Features/Notification/NotificationRows/CheckInReactionNotificationView.swift = (
					ios,
					maccatalyst,
					tvos,
					xros,
				);
				Features/Notification/NotificationRows/FriendRequestNotificationView.swift = (
					ios,
					maccatalyst,
					tvos,
					xros,
				);
				Features/Notification/NotificationRows/MessageNotificationView.swift = (
					ios,
					maccatalyst,
					tvos,
					xros,
				);
				Features/Notification/NotificationRows/TaggedInCheckInNotificationView.swift = (
					ios,
					maccatalyst,
					tvos,
					xros,
				);
				Features/Notification/NotificationScreen.swift = (
					ios,
					maccatalyst,
					tvos,
					xros,
				);
				Features/Onboarding/OnboardingScreen.swift = (
					ios,
					maccatalyst,
					tvos,
					xros,
				);
				Features/Product/CategoryPickerSheet.swift = (
					ios,
					maccatalyst,
					tvos,
					xros,
				);
				Features/Product/Feed/ProductFeedScreen.swift = (
					ios,
					maccatalyst,
					tvos,
					xros,
				);
				Features/Product/Mutation/PickerLinkRow.swift = (
					ios,
					maccatalyst,
					tvos,
					xros,
				);
				Features/Product/Mutation/ProductMutationView.swift = (
					ios,
					maccatalyst,
					tvos,
					xros,
				);
				Features/Product/Picker/ProductPickerSheet.swift = (
					ios,
					maccatalyst,
					tvos,
					xros,
				);
				Features/Product/ProductFilter/ProductFilterOverlayView.swift = (
					ios,
					maccatalyst,
					tvos,
					xros,
				);
				Features/Product/ProductFilter/ProductFilterSheet.swift = (
					ios,
					maccatalyst,
					tvos,
					xros,
				);
				Features/Product/ProductItem/ProductLogoView.swift = (
					ios,
					maccatalyst,
					tvos,
					xros,
				);
				Features/Product/ProductShareLinkView.swift = (
					ios,
					maccatalyst,
					tvos,
					xros,
				);
				Features/Product/ProductView.swift = (
					ios,
					maccatalyst,
					tvos,
					xros,
				);
				Features/Product/Screen/CreateCheckInButtonView.swift = (
					ios,
					maccatalyst,
					tvos,
					xros,
				);
				Features/Product/Screen/ProductScreen.swift = (
					ios,
					maccatalyst,
					tvos,
					xros,
				);
				Features/Product/Screen/ProductScreenLoadedFromBarcodeOverlay.swift = (
					ios,
					maccatalyst,
					tvos,
					xros,
				);
				Features/Product/Subcategory/SubcategoryPickerSheet.swift = (
					ios,
					maccatalyst,
					tvos,
					xros,
				);
				Features/Profile/CheckInImagesView.swift = (
					ios,
					maccatalyst,
					tvos,
					xros,
				);
				Features/Profile/Components/CheckInImagesSection.swift = (
					ios,
					maccatalyst,
					tvos,
					xros,
				);
				Features/Profile/Components/CheckInStatisticView.swift = (
					ios,
					maccatalyst,
					tvos,
					xros,
				);
				Features/Profile/Components/PrivateProfileSign.swift = (
					ios,
					maccatalyst,
					tvos,
					xros,
				);
				Features/Profile/Components/ProfileFriendActionSection.swift = (
					ios,
					maccatalyst,
					tvos,
					xros,
				);
				Features/Profile/Components/ProfileHeaderAvatarSection.swift = (
					ios,
					maccatalyst,
					tvos,
					xros,
				);
				Features/Profile/Components/ProfileJoinedAtSection.swift = (
					ios,
					maccatalyst,
					tvos,
					xros,
				);
				Features/Profile/Components/ProfileLinksSection.swift = (
					ios,
					maccatalyst,
					tvos,
					xros,
				);
				Features/Profile/Components/ProfileSummarySection.swift = (
					ios,
					maccatalyst,
					tvos,
					xros,
				);
				Features/Profile/CurrentProfileScreen.swift = (
					ios,
					maccatalyst,
					tvos,
					xros,
				);
				Features/Profile/NameTag/NameTagSheet.swift = (
					ios,
					maccatalyst,
					tvos,
					xros,
				);
				Features/Profile/ProfileInnerScreen.swift = (
					ios,
					maccatalyst,
					tvos,
					xros,
				);
				Features/Profile/ProfileLocationsScreen.swift = (
					ios,
					maccatalyst,
					tvos,
					xros,
				);
				Features/Profile/ProfileProductListView.swift = (
					ios,
					maccatalyst,
					tvos,
					xros,
				);
				Features/Profile/ProfileScreen.swift = (
					ios,
					maccatalyst,
					tvos,
					xros,
				);
				Features/Profile/ProfileShareLinkView.swift = (
					ios,
					maccatalyst,
					tvos,
					xros,
				);
				Features/Profile/ProfileWishlistScreen.swift = (
					ios,
					maccatalyst,
					tvos,
					xros,
				);
				Features/Profile/RatingChartView.swift = (
					ios,
					maccatalyst,
					tvos,
					xros,
				);
				Features/Profile/ScalingButton.swift = (
					ios,
					maccatalyst,
					tvos,
					xros,
				);
				Features/Profile/Statistics/ProfileStatisticsScreen.swift = (
					ios,
					maccatalyst,
					tvos,
					xros,
				);
				Features/Profile/Statistics/ProfileStatisticsUniqueByCategoryScreen.swift = (
					ios,
					maccatalyst,
					tvos,
					xros,
				);
				Features/Profile/Statistics/TimePeriodStatisticView.swift = (
					ios,
					maccatalyst,
					tvos,
					xros,
				);
				Features/Rating/RatingPickerView.swift = (
					ios,
					maccatalyst,
					tvos,
					xros,
				);
				"Features/Report/Report+Extension.swift" = (
					ios,
					maccatalyst,
					tvos,
					xros,
				);
				Features/Report/ReportButtonView.swift = (
					ios,
					maccatalyst,
					tvos,
					xros,
				);
				Features/Report/ReportScreen.swift = (
					ios,
					maccatalyst,
					tvos,
					xros,
				);
				Features/Report/ReportSheet.swift = (
					ios,
					maccatalyst,
					tvos,
					xros,
				);
				Features/ServingStyle/CategoryServingStyleAdminSheet.swift = (
					ios,
					maccatalyst,
					tvos,
					xros,
				);
				Features/ServingStyle/ServingStyleManagementSheet.swift = (
					ios,
					maccatalyst,
					tvos,
					xros,
				);
				Features/Settings/AccountDeletedScreen.swift = (
					ios,
					maccatalyst,
					tvos,
					xros,
				);
				Features/Settings/AccountSettingsScreen.swift = (
					ios,
					maccatalyst,
					tvos,
					xros,
				);
				Features/Settings/AppIconScreen.swift = (
					ios,
					maccatalyst,
					tvos,
					xros,
				);
				Features/Settings/BlockedUsersScreen.swift = (
					ios,
					maccatalyst,
					tvos,
					xros,
				);
				Features/Settings/ContributionsScreen.swift = (
					ios,
					maccatalyst,
					tvos,
					xros,
				);
				Features/Settings/NotificationSettingsScreen.swift = (
					ios,
					maccatalyst,
					tvos,
					xros,
				);
				Features/Settings/PrivacySettingsPage.swift = (
					ios,
					maccatalyst,
					tvos,
					xros,
				);
				Features/Settings/ProfileSettingsScreen.swift = (
					ios,
					maccatalyst,
					tvos,
					xros,
				);
				Features/Settings/SettingsScreen.swift = (
					ios,
					maccatalyst,
					tvos,
					xros,
				);
				Features/User/UserSheet.swift = (
					ios,
					maccatalyst,
					tvos,
					xros,
				);
				Features/Verification/VerificationScreen.swift = (
					ios,
					maccatalyst,
					tvos,
					xros,
				);
				Shared/Components/CameraPickerView.swift = (
					ios,
					maccatalyst,
					tvos,
					xros,
				);
				Shared/Components/CopyToClipboardButtonView.swift = (
					ios,
					maccatalyst,
					tvos,
					xros,
				);
				Shared/Components/CreateQRCodeView.swift = (
					ios,
					maccatalyst,
					tvos,
					xros,
				);
				Shared/Components/DataScannerViewRepresentable.swift = (
					ios,
					maccatalyst,
					tvos,
					xros,
				);
				Shared/Components/DeleteButtonView.swift = (
					ios,
					maccatalyst,
					tvos,
					xros,
				);
				Shared/Components/ScanTextButton.swift = (
					ios,
					maccatalyst,
					tvos,
					xros,
				);
				Shared/Components/ScanTextField.swift = (
					ios,
					maccatalyst,
					tvos,
					xros,
				);
				Shared/Components/SearchGoogleBySearchTermButton.swift = (
					ios,
					maccatalyst,
					tvos,
					xros,
				);
				Shared/Components/SendMailView.swift = (
					ios,
					maccatalyst,
					tvos,
					xros,
				);
				Shared/Components/SparklesView.swift = (
					ios,
					maccatalyst,
					tvos,
					xros,
				);
				Shared/Components/SummaryView.swift = (
					ios,
					maccatalyst,
					tvos,
					xros,
				);
				Shared/Components/ToolbarDismissAction.swift = (
					ios,
					maccatalyst,
					tvos,
					xros,
				);
				Shared/Components/ToolbarDoneActionView.swift = (
					ios,
					maccatalyst,
					tvos,
					xros,
				);
				Shared/Components/WebView.swift = (
					ios,
					maccatalyst,
					tvos,
					xros,
				);
				Shared/Utils/Utils.swift = (
					ios,
					maccatalyst,
					tvos,
					xros,
				);
			};
			target = C94722D42AD1859C006DE096 /* Tastybytes */;
		};
/* End PBXFileSystemSynchronizedBuildFileExceptionSet section */

/* Begin PBXFileSystemSynchronizedRootGroup section */
		5C410FE12C751D650086C146 /* Configurations */ = {isa = PBXFileSystemSynchronizedRootGroup; exceptions = (5C410FE32C751D650086C146 /* PBXFileSystemSynchronizedBuildFileExceptionSet */, ); explicitFileTypes = {}; explicitFolders = (); path = Configurations; sourceTree = "<group>"; };
		5C410FEB2C751D850086C146 /* Assets */ = {isa = PBXFileSystemSynchronizedRootGroup; exceptions = (5C410FF12C751D850086C146 /* PBXFileSystemSynchronizedBuildFileExceptionSet */, ); explicitFileTypes = {}; explicitFolders = (); path = Assets; sourceTree = "<group>"; };
		5C410FF52C751DB50086C146 /* ci_scripts */ = {isa = PBXFileSystemSynchronizedRootGroup; explicitFileTypes = {}; explicitFolders = (); path = ci_scripts; sourceTree = "<group>"; };
		5C410FFA2C751DE70086C146 /* Packages */ = {isa = PBXFileSystemSynchronizedRootGroup; explicitFileTypes = {}; explicitFolders = (); path = Packages; sourceTree = "<group>"; };
		5C746FDD2C751B76002F842E /* Source */ = {isa = PBXFileSystemSynchronizedRootGroup; exceptions = (5C74710B2C751B76002F842E /* PBXFileSystemSynchronizedBuildFileExceptionSet */, ); explicitFileTypes = {}; explicitFolders = (); path = Source; sourceTree = "<group>"; };
/* End PBXFileSystemSynchronizedRootGroup section */

/* Begin PBXFrameworksBuildPhase section */
		C94722D22AD1859C006DE096 /* Frameworks */ = {
			isa = PBXFrameworksBuildPhase;
			buildActionMask = 2147483647;
			files = (
				5C625F552CC8319300F0232E /* Logging in Frameworks */,
				5C4742F12C96306500B6DB62 /* BarcodeToolsKit in Frameworks */,
				5C885F062B2873C300F17C78 /* Repositories in Frameworks */,
				5C885F0F2B2873EC00F17C78 /* Components in Frameworks */,
				5C885F032B2873B400F17C78 /* Extensions in Frameworks */,
				5C885F002B2873A900F17C78 /* Models in Frameworks */,
			);
			runOnlyForDeploymentPostprocessing = 0;
		};
/* End PBXFrameworksBuildPhase section */

/* Begin PBXGroup section */
		C923F3602AD2E95B0041D01D /* Frameworks */ = {
			isa = PBXGroup;
			children = (
			);
			name = Frameworks;
			sourceTree = "<group>";
		};
		C94722CC2AD1859C006DE096 = {
			isa = PBXGroup;
			children = (
				5C0811922C7D0E42006C2873 /* .editorconfig */,
				5C410FF52C751DB50086C146 /* ci_scripts */,
				5C410FEB2C751D850086C146 /* Assets */,
				5C410FFA2C751DE70086C146 /* Packages */,
				5C410FE12C751D650086C146 /* Configurations */,
				5C746FDD2C751B76002F842E /* Source */,
				C94722D62AD1859C006DE096 /* Products */,
				C923F3602AD2E95B0041D01D /* Frameworks */,
			);
			sourceTree = "<group>";
		};
		C94722D62AD1859C006DE096 /* Products */ = {
			isa = PBXGroup;
			children = (
				C94722D52AD1859C006DE096 /* TastybytesDEV.app */,
			);
			name = Products;
			sourceTree = "<group>";
		};
/* End PBXGroup section */

/* Begin PBXNativeTarget section */
		C94722D42AD1859C006DE096 /* Tastybytes */ = {
			isa = PBXNativeTarget;
			buildConfigurationList = C94722FA2AD1859E006DE096 /* Build configuration list for PBXNativeTarget "Tastybytes" */;
			buildPhases = (
				C94722D12AD1859C006DE096 /* Sources */,
				C94722D22AD1859C006DE096 /* Frameworks */,
				C94722D32AD1859C006DE096 /* Resources */,
				C9C213322AD1EDB500C60282 /* Embed Frameworks (0 items) */,
				C9C213492AD2E43E00C60282 /* Embed Foundation Extensions */,
			);
			buildRules = (
			);
			dependencies = (
			);
			fileSystemSynchronizedGroups = (
				5C410FEB2C751D850086C146 /* Assets */,
				5C746FDD2C751B76002F842E /* Source */,
			);
			name = Tastybytes;
			packageProductDependencies = (
				5C885EFF2B2873A900F17C78 /* Models */,
				5C885F022B2873B400F17C78 /* Extensions */,
				5C885F052B2873C300F17C78 /* Repositories */,
				5C885F0E2B2873EC00F17C78 /* Components */,
				5C4742F02C96306500B6DB62 /* BarcodeToolsKit */,
				5C625F542CC8319300F0232E /* Logging */,
			);
			productName = Tastybytes;
			productReference = C94722D52AD1859C006DE096 /* TastybytesDEV.app */;
			productType = "com.apple.product-type.application";
		};
/* End PBXNativeTarget section */

/* Begin PBXProject section */
		C94722CD2AD1859C006DE096 /* Project object */ = {
			isa = PBXProject;
			attributes = {
				BuildIndependentTargetsInParallel = 1;
				LastSwiftUpdateCheck = 1510;
				LastUpgradeCheck = 1600;
				TargetAttributes = {
					C94722D42AD1859C006DE096 = {
						CreatedOnToolsVersion = 15.1;
						LastSwiftMigration = 1510;
					};
				};
			};
			buildConfigurationList = C94722D02AD1859C006DE096 /* Build configuration list for PBXProject "Tastybytes" */;
			compatibilityVersion = "Xcode 14.0";
			developmentRegion = en;
			hasScannedForEncodings = 0;
			knownRegions = (
				en,
				Base,
			);
			mainGroup = C94722CC2AD1859C006DE096;
			packageReferences = (
				5C885EFE2B2873A900F17C78 /* XCLocalSwiftPackageReference "Packages/Models" */,
				5C885F012B2873B400F17C78 /* XCLocalSwiftPackageReference "Packages/Extensions" */,
				5C885F042B2873C300F17C78 /* XCLocalSwiftPackageReference "Packages/Repositories" */,
				5C885F0D2B2873EC00F17C78 /* XCLocalSwiftPackageReference "Packages/Components" */,
				5C4742EF2C96306500B6DB62 /* XCRemoteSwiftPackageReference "BarcodeToolsKit" */,
				5C625F532CC8319300F0232E /* XCRemoteSwiftPackageReference "swift-log" */,
			);
			productRefGroup = C94722D62AD1859C006DE096 /* Products */;
			projectDirPath = "";
			projectRoot = "";
			targets = (
				C94722D42AD1859C006DE096 /* Tastybytes */,
			);
		};
/* End PBXProject section */

/* Begin PBXResourcesBuildPhase section */
		C94722D32AD1859C006DE096 /* Resources */ = {
			isa = PBXResourcesBuildPhase;
			buildActionMask = 2147483647;
			files = (
			);
			runOnlyForDeploymentPostprocessing = 0;
		};
/* End PBXResourcesBuildPhase section */

/* Begin PBXSourcesBuildPhase section */
		C94722D12AD1859C006DE096 /* Sources */ = {
			isa = PBXSourcesBuildPhase;
			buildActionMask = 2147483647;
			files = (
			);
			runOnlyForDeploymentPostprocessing = 0;
		};
/* End PBXSourcesBuildPhase section */

/* Begin XCBuildConfiguration section */
		5C72E9AF2B49D05D00A963D3 /* Staging */ = {
			isa = XCBuildConfiguration;
			baseConfigurationReferenceAnchor = 5C410FE12C751D650086C146 /* Configurations */;
			baseConfigurationReferenceRelativePath = "Project/Project-Staging.xcconfig";
			buildSettings = {
			};
			name = Staging;
		};
		5C72E9B02B49D05D00A963D3 /* Staging */ = {
			isa = XCBuildConfiguration;
			baseConfigurationReferenceAnchor = 5C410FE12C751D650086C146 /* Configurations */;
			baseConfigurationReferenceRelativePath = Target/Target.xcconfig;
			buildSettings = {
			};
			name = Staging;
		};
		C94722F82AD1859E006DE096 /* Debug */ = {
			isa = XCBuildConfiguration;
			baseConfigurationReferenceAnchor = 5C410FE12C751D650086C146 /* Configurations */;
			baseConfigurationReferenceRelativePath = "Project/Project-Development.xcconfig";
			buildSettings = {
			};
			name = Debug;
		};
		C94722F92AD1859E006DE096 /* Release */ = {
			isa = XCBuildConfiguration;
			baseConfigurationReferenceAnchor = 5C410FE12C751D650086C146 /* Configurations */;
			baseConfigurationReferenceRelativePath = "Project/Project-Production.xcconfig";
			buildSettings = {
			};
			name = Release;
		};
		C94722FB2AD1859E006DE096 /* Debug */ = {
			isa = XCBuildConfiguration;
			baseConfigurationReferenceAnchor = 5C410FE12C751D650086C146 /* Configurations */;
			baseConfigurationReferenceRelativePath = Target/Target.xcconfig;
			buildSettings = {
				SWIFT_OPTIMIZATION_LEVEL = "-Onone";
			};
			name = Debug;
		};
		C94722FC2AD1859E006DE096 /* Release */ = {
			isa = XCBuildConfiguration;
			baseConfigurationReferenceAnchor = 5C410FE12C751D650086C146 /* Configurations */;
			baseConfigurationReferenceRelativePath = Target/Target.xcconfig;
			buildSettings = {
			};
			name = Release;
		};
/* End XCBuildConfiguration section */

/* Begin XCConfigurationList section */
		C94722D02AD1859C006DE096 /* Build configuration list for PBXProject "Tastybytes" */ = {
			isa = XCConfigurationList;
			buildConfigurations = (
				C94722F82AD1859E006DE096 /* Debug */,
				C94722F92AD1859E006DE096 /* Release */,
				5C72E9AF2B49D05D00A963D3 /* Staging */,
			);
			defaultConfigurationIsVisible = 0;
			defaultConfigurationName = Release;
		};
		C94722FA2AD1859E006DE096 /* Build configuration list for PBXNativeTarget "Tastybytes" */ = {
			isa = XCConfigurationList;
			buildConfigurations = (
				C94722FB2AD1859E006DE096 /* Debug */,
				C94722FC2AD1859E006DE096 /* Release */,
				5C72E9B02B49D05D00A963D3 /* Staging */,
			);
			defaultConfigurationIsVisible = 0;
			defaultConfigurationName = Release;
		};
/* End XCConfigurationList section */

/* Begin XCLocalSwiftPackageReference section */
		5C885EFE2B2873A900F17C78 /* XCLocalSwiftPackageReference "Packages/Models" */ = {
			isa = XCLocalSwiftPackageReference;
			relativePath = Packages/Models;
		};
		5C885F012B2873B400F17C78 /* XCLocalSwiftPackageReference "Packages/Extensions" */ = {
			isa = XCLocalSwiftPackageReference;
			relativePath = Packages/Extensions;
		};
		5C885F042B2873C300F17C78 /* XCLocalSwiftPackageReference "Packages/Repositories" */ = {
			isa = XCLocalSwiftPackageReference;
			relativePath = Packages/Repositories;
		};
		5C885F0D2B2873EC00F17C78 /* XCLocalSwiftPackageReference "Packages/Components" */ = {
			isa = XCLocalSwiftPackageReference;
			relativePath = Packages/Components;
		};
/* End XCLocalSwiftPackageReference section */

/* Begin XCRemoteSwiftPackageReference section */
		5C4742EF2C96306500B6DB62 /* XCRemoteSwiftPackageReference "BarcodeToolsKit" */ = {
			isa = XCRemoteSwiftPackageReference;
			repositoryURL = "https://github.com/villeheikkila/BarcodeToolsKit";
			requirement = {
				kind = upToNextMajorVersion;
				minimumVersion = 1.0.0;
			};
		};
		5C625F532CC8319300F0232E /* XCRemoteSwiftPackageReference "swift-log" */ = {
			isa = XCRemoteSwiftPackageReference;
			repositoryURL = "https://github.com/apple/swift-log";
			requirement = {
				kind = upToNextMajorVersion;
				minimumVersion = 1.6.1;
			};
		};
/* End XCRemoteSwiftPackageReference section */

/* Begin XCSwiftPackageProductDependency section */
		5C4742F02C96306500B6DB62 /* BarcodeToolsKit */ = {
			isa = XCSwiftPackageProductDependency;
			package = 5C4742EF2C96306500B6DB62 /* XCRemoteSwiftPackageReference "BarcodeToolsKit" */;
			productName = BarcodeToolsKit;
		};
		5C625F542CC8319300F0232E /* Logging */ = {
			isa = XCSwiftPackageProductDependency;
			package = 5C625F532CC8319300F0232E /* XCRemoteSwiftPackageReference "swift-log" */;
			productName = Logging;
		};
		5C885EFF2B2873A900F17C78 /* Models */ = {
			isa = XCSwiftPackageProductDependency;
			productName = Models;
		};
		5C885F022B2873B400F17C78 /* Extensions */ = {
			isa = XCSwiftPackageProductDependency;
			productName = Extensions;
		};
		5C885F052B2873C300F17C78 /* Repositories */ = {
			isa = XCSwiftPackageProductDependency;
			productName = Repositories;
		};
		5C885F0E2B2873EC00F17C78 /* Components */ = {
			isa = XCSwiftPackageProductDependency;
			productName = Components;
		};
/* End XCSwiftPackageProductDependency section */
	};
	rootObject = C94722CD2AD1859C006DE096 /* Project object */;
}
